<?xml version="1.0" encoding="utf-8"?>
<Project ToolsVersion="4.0" xmlns="http://schemas.microsoft.com/developer/msbuild/2003">
  <ItemGroup>
    <Filter Include="소스 파일">
      <UniqueIdentifier>{4FC737F1-C7A5-4376-A066-2A32D752A2FF}</UniqueIdentifier>
      <Extensions>cpp;c;cc;cxx;def;odl;idl;hpj;bat;asm;asmx</Extensions>
    </Filter>
    <Filter Include="헤더 파일">
      <UniqueIdentifier>{93995380-89BD-4b04-88EB-625FBE52EBFB}</UniqueIdentifier>
      <Extensions>h;hh;hpp;hxx;hm;inl;inc;ipp;xsd</Extensions>
    </Filter>
    <Filter Include="리소스 파일">
      <UniqueIdentifier>{67DA6AB6-F800-4c08-8B7A-83BB121AAD01}</UniqueIdentifier>
      <Extensions>rc;ico;cur;bmp;dlg;rc2;rct;bin;rgs;gif;jpg;jpeg;jpe;resx;tiff;tif;png;wav;mfcribbon-ms</Extensions>
    </Filter>
    <Filter Include="dxtk">
      <UniqueIdentifier>{1e7ec2a1-1c78-4c10-aeaf-5038e986d64d}</UniqueIdentifier>
    </Filter>
    <Filter Include="math">
      <UniqueIdentifier>{2b4868f0-afdb-46c0-84a6-3b0df38729f7}</UniqueIdentifier>
    </Filter>
    <Filter Include="dx">
      <UniqueIdentifier>{3de1ff60-534c-4480-8a5d-ca00695f9f93}</UniqueIdentifier>
    </Filter>
    <Filter Include="Camera">
      <UniqueIdentifier>{17745799-f09e-4ae6-a43d-ec2d70a290e4}</UniqueIdentifier>
    </Filter>
    <Filter Include="Object">
      <UniqueIdentifier>{da253b0c-284c-4da1-b7fb-89dbda1403f6}</UniqueIdentifier>
    </Filter>
    <Filter Include="Scene">
      <UniqueIdentifier>{35b413c0-f3cc-4bb8-bdcc-09eee0976328}</UniqueIdentifier>
    </Filter>
    <Filter Include="FSM">
      <UniqueIdentifier>{370e39ee-b056-44c7-84f1-0048810d8bef}</UniqueIdentifier>
    </Filter>
    <Filter Include="map">
      <UniqueIdentifier>{666dcef8-b1a1-4c6b-894f-7bc4b18e22f3}</UniqueIdentifier>
    </Filter>
  </ItemGroup>
  <ItemGroup>
    <ClInclude Include="HBasisStd.h">
      <Filter>헤더 파일</Filter>
    </ClInclude>
    <ClInclude Include="HCore.h">
      <Filter>헤더 파일</Filter>
    </ClInclude>
    <ClInclude Include="HCoreStd.h">
      <Filter>헤더 파일</Filter>
    </ClInclude>
    <ClInclude Include="HGraphicAPI.h">
      <Filter>헤더 파일</Filter>
    </ClInclude>
    <ClInclude Include="HInput.h">
      <Filter>헤더 파일</Filter>
    </ClInclude>
    <ClInclude Include="HStd.h">
      <Filter>헤더 파일</Filter>
    </ClInclude>
    <ClInclude Include="HTimer.h">
      <Filter>헤더 파일</Filter>
    </ClInclude>
    <ClInclude Include="HWindow.h">
      <Filter>헤더 파일</Filter>
    </ClInclude>
    <ClInclude Include="HWrite.h">
      <Filter>헤더 파일</Filter>
    </ClInclude>
    <ClInclude Include="HDevice.h">
      <Filter>헤더 파일</Filter>
    </ClInclude>
    <ClInclude Include="HDxState.h">
      <Filter>dx</Filter>
    </ClInclude>
    <ClInclude Include="HMatrix.h">
      <Filter>math</Filter>
    </ClInclude>
    <ClInclude Include="HShape.h">
      <Filter>math</Filter>
    </ClInclude>
    <ClInclude Include="HVector.h">
      <Filter>math</Filter>
    </ClInclude>
    <ClInclude Include="Dxtk\DDS.h">
      <Filter>dxtk</Filter>
    </ClInclude>
    <ClInclude Include="Dxtk\DDSTextureLoader.h">
      <Filter>dxtk</Filter>
    </ClInclude>
    <ClInclude Include="Dxtk\DirectXHelpers.h">
      <Filter>dxtk</Filter>
    </ClInclude>
    <ClInclude Include="Dxtk\LoaderHelpers.h">
      <Filter>dxtk</Filter>
    </ClInclude>
    <ClInclude Include="Dxtk\pch.h">
      <Filter>dxtk</Filter>
    </ClInclude>
    <ClInclude Include="Dxtk\PlatformHelpers.h">
      <Filter>dxtk</Filter>
    </ClInclude>
    <ClInclude Include="Dxtk\WICTextureLoader.h">
      <Filter>dxtk</Filter>
    </ClInclude>
    <ClInclude Include="SimpleMath.h">
      <Filter>math</Filter>
    </ClInclude>
    <ClInclude Include="HMath.h">
      <Filter>헤더 파일</Filter>
    </ClInclude>
    <ClInclude Include="HCamera.h">
      <Filter>Camera</Filter>
    </ClInclude>
    <ClInclude Include="HDebugCamera.h">
      <Filter>Camera</Filter>
    </ClInclude>
    <ClInclude Include="HBitmap.h">
      <Filter>Object</Filter>
    </ClInclude>
    <ClInclude Include="HBitmapManager.h">
      <Filter>Object</Filter>
    </ClInclude>
    <ClInclude Include="HGameUser.h">
      <Filter>Object</Filter>
    </ClInclude>
    <ClInclude Include="HNpcObject.h">
      <Filter>Object</Filter>
    </ClInclude>
    <ClInclude Include="HObject.h">
      <Filter>Object</Filter>
    </ClInclude>
    <ClInclude Include="HObjectMgr.h">
      <Filter>Object</Filter>
    </ClInclude>
    <ClInclude Include="HEffect.h">
      <Filter>헤더 파일</Filter>
    </ClInclude>
    <ClInclude Include="HCollision.h">
      <Filter>헤더 파일</Filter>
    </ClInclude>
    <ClInclude Include="HScene.h">
      <Filter>Scene</Filter>
    </ClInclude>
    <ClInclude Include="HProjectile.h">
      <Filter>헤더 파일</Filter>
    </ClInclude>
    <ClInclude Include="HUserInterface.h">
      <Filter>헤더 파일</Filter>
    </ClInclude>
    <ClInclude Include="HStandState.h">
      <Filter>FSM</Filter>
    </ClInclude>
    <ClInclude Include="HMoveState.h">
      <Filter>FSM</Filter>
    </ClInclude>
    <ClInclude Include="HFiniteStateMachine.h">
      <Filter>FSM</Filter>
    </ClInclude>
    <ClInclude Include="HAttackState.h">
      <Filter>FSM</Filter>
    </ClInclude>
    <ClInclude Include="HEnemyState.h">
      <Filter>FSM</Filter>
    </ClInclude>
    <ClInclude Include="HFiniteState.h">
      <Filter>FSM</Filter>
    </ClInclude>
    <ClInclude Include="HDxObject.h">
      <Filter>Object</Filter>
    </ClInclude>
    <ClInclude Include="HTexture.h">
      <Filter>dx</Filter>
    </ClInclude>
    <ClInclude Include="HTextureManager.h">
      <Filter>dx</Filter>
    </ClInclude>
    <ClInclude Include="HDxRT.h">
      <Filter>map</Filter>
    </ClInclude>
    <ClInclude Include="HFrustum.h">
      <Filter>map</Filter>
    </ClInclude>
    <ClInclude Include="HMap.h">
      <Filter>map</Filter>
    </ClInclude>
    <ClInclude Include="HMinimap.h">
      <Filter>map</Filter>
    </ClInclude>
    <ClInclude Include="HModelViewCamera.h">
      <Filter>map</Filter>
    </ClInclude>
    <ClInclude Include="HheightMap.h">
      <Filter>dx</Filter>
    </ClInclude>
    <ClInclude Include="HPicking.h">
      <Filter>dx</Filter>
    </ClInclude>
    <ClInclude Include="HQuadTree.h">
      <Filter>dx</Filter>
    </ClInclude>
  </ItemGroup>
  <ItemGroup>
    <ClCompile Include="HCore.cpp">
      <Filter>소스 파일</Filter>
    </ClCompile>
    <ClCompile Include="HGraphicAPI.cpp">
      <Filter>소스 파일</Filter>
    </ClCompile>
    <ClCompile Include="HInput.cpp">
      <Filter>소스 파일</Filter>
    </ClCompile>
    <ClCompile Include="HTimer.cpp">
      <Filter>소스 파일</Filter>
    </ClCompile>
    <ClCompile Include="HWindow.cpp">
      <Filter>소스 파일</Filter>
    </ClCompile>
    <ClCompile Include="HWrite.cpp">
      <Filter>소스 파일</Filter>
    </ClCompile>
    <ClCompile Include="HDevice.cpp">
      <Filter>소스 파일</Filter>
    </ClCompile>
    <ClCompile Include="HDxState.cpp">
      <Filter>dx</Filter>
    </ClCompile>
    <ClCompile Include="HMatrix.cpp">
      <Filter>math</Filter>
    </ClCompile>
    <ClCompile Include="HShape.cpp">
      <Filter>math</Filter>
    </ClCompile>
    <ClCompile Include="HVector.cpp">
      <Filter>math</Filter>
    </ClCompile>
    <ClCompile Include="Dxtk\DDSTextureLoader.cpp">
      <Filter>dxtk</Filter>
    </ClCompile>
    <ClCompile Include="Dxtk\WICTextureLoader.cpp">
      <Filter>dxtk</Filter>
    </ClCompile>
    <ClCompile Include="HCamera.cpp">
      <Filter>Camera</Filter>
    </ClCompile>
    <ClCompile Include="HDebugCamera.cpp">
      <Filter>Camera</Filter>
    </ClCompile>
    <ClCompile Include="HBitmap.cpp">
      <Filter>Object</Filter>
    </ClCompile>
    <ClCompile Include="HBitmapManager.cpp">
      <Filter>Object</Filter>
    </ClCompile>
    <ClCompile Include="HGameUser.cpp">
      <Filter>Object</Filter>
    </ClCompile>
    <ClCompile Include="HNpcObject.cpp">
      <Filter>Object</Filter>
    </ClCompile>
    <ClCompile Include="HObject.cpp">
      <Filter>Object</Filter>
    </ClCompile>
    <ClCompile Include="HObjectMgr.cpp">
      <Filter>Object</Filter>
    </ClCompile>
    <ClCompile Include="HEffect.cpp">
      <Filter>소스 파일</Filter>
    </ClCompile>
    <ClCompile Include="HCollision.cpp">
      <Filter>소스 파일</Filter>
    </ClCompile>
    <ClCompile Include="HScene.cpp">
      <Filter>Scene</Filter>
    </ClCompile>
    <ClCompile Include="HProjectile.cpp">
      <Filter>소스 파일</Filter>
    </ClCompile>
    <ClCompile Include="HUserInterface.cpp">
      <Filter>소스 파일</Filter>
    </ClCompile>
    <ClCompile Include="HStandState.cpp">
      <Filter>FSM</Filter>
    </ClCompile>
    <ClCompile Include="HMoveState.cpp">
      <Filter>FSM</Filter>
    </ClCompile>
    <ClCompile Include="HFiniteStateMachine.cpp">
      <Filter>FSM</Filter>
    </ClCompile>
    <ClCompile Include="HAttackState.cpp">
      <Filter>FSM</Filter>
    </ClCompile>
    <ClCompile Include="HEnemyState.cpp">
      <Filter>FSM</Filter>
    </ClCompile>
    <ClCompile Include="HFiniteState.cpp">
      <Filter>FSM</Filter>
    </ClCompile>
    <ClCompile Include="HDxObject.cpp">
      <Filter>Object</Filter>
    </ClCompile>
    <ClCompile Include="HTexture.cpp">
      <Filter>dx</Filter>
    </ClCompile>
    <ClCompile Include="HTextureManager.cpp">
      <Filter>dx</Filter>
    </ClCompile>
    <ClCompile Include="HDxRT.cpp">
      <Filter>map</Filter>
    </ClCompile>
    <ClCompile Include="HFrustum.cpp">
      <Filter>map</Filter>
    </ClCompile>
    <ClCompile Include="HMap.cpp">
      <Filter>map</Filter>
    </ClCompile>
    <ClCompile Include="HMinimap.cpp">
      <Filter>map</Filter>
    </ClCompile>
    <ClCompile Include="HModelViewCamera.cpp">
      <Filter>map</Filter>
    </ClCompile>
    <ClCompile Include="HheightMap.cpp">
      <Filter>dx</Filter>
    </ClCompile>
    <ClCompile Include="HPicking.cpp">
      <Filter>dx</Filter>
    </ClCompile>
    <ClCompile Include="HQuadTree.cpp">
      <Filter>dx</Filter>
    </ClCompile>
  </ItemGroup>
  <ItemGroup>
    <None Include="SimpleMath.inl">
      <Filter>math</Filter>
    </None>
  </ItemGroup>
  <ItemGroup>
    <Text Include="PS.txt" />
    <Text Include="VS.txt" />
  </ItemGroup>
</Project>