<?xml version="1.0" encoding="utf-8"?>
<Project ToolsVersion="4.0" xmlns="http://schemas.microsoft.com/developer/msbuild/2003">
  <ItemGroup>
    <Filter Include="소스 파일">
      <UniqueIdentifier>{4FC737F1-C7A5-4376-A066-2A32D752A2FF}</UniqueIdentifier>
      <Extensions>cpp;c;cc;cxx;def;odl;idl;hpj;bat;asm;asmx</Extensions>
    </Filter>
    <Filter Include="헤더 파일">
      <UniqueIdentifier>{93995380-89BD-4b04-88EB-625FBE52EBFB}</UniqueIdentifier>
      <Extensions>h;hh;hpp;hxx;hm;inl;inc;ipp;xsd</Extensions>
    </Filter>
    <Filter Include="리소스 파일">
      <UniqueIdentifier>{67DA6AB6-F800-4c08-8B7A-83BB121AAD01}</UniqueIdentifier>
      <Extensions>rc;ico;cur;bmp;dlg;rc2;rct;bin;rgs;gif;jpg;jpeg;jpe;resx;tiff;tif;png;wav;mfcribbon-ms</Extensions>
    </Filter>
    <Filter Include="dxtk">
      <UniqueIdentifier>{1e7ec2a1-1c78-4c10-aeaf-5038e986d64d}</UniqueIdentifier>
    </Filter>
    <Filter Include="math">
      <UniqueIdentifier>{2b4868f0-afdb-46c0-84a6-3b0df38729f7}</UniqueIdentifier>
    </Filter>
    <Filter Include="dx">
      <UniqueIdentifier>{3de1ff60-534c-4480-8a5d-ca00695f9f93}</UniqueIdentifier>
    </Filter>
    <Filter Include="Camera">
      <UniqueIdentifier>{17745799-f09e-4ae6-a43d-ec2d70a290e4}</UniqueIdentifier>
    </Filter>
  </ItemGroup>
  <ItemGroup>
    <ClInclude Include="HBasisStd.h">
      <Filter>헤더 파일</Filter>
    </ClInclude>
    <ClInclude Include="HCore.h">
      <Filter>헤더 파일</Filter>
    </ClInclude>
    <ClInclude Include="HCoreStd.h">
      <Filter>헤더 파일</Filter>
    </ClInclude>
    <ClInclude Include="HGraphicAPI.h">
      <Filter>헤더 파일</Filter>
    </ClInclude>
    <ClInclude Include="HInput.h">
      <Filter>헤더 파일</Filter>
    </ClInclude>
    <ClInclude Include="HStd.h">
      <Filter>헤더 파일</Filter>
    </ClInclude>
    <ClInclude Include="HTimer.h">
      <Filter>헤더 파일</Filter>
    </ClInclude>
    <ClInclude Include="HWindow.h">
      <Filter>헤더 파일</Filter>
    </ClInclude>
    <ClInclude Include="HWrite.h">
      <Filter>헤더 파일</Filter>
    </ClInclude>
    <ClInclude Include="HDevice.h">
      <Filter>헤더 파일</Filter>
    </ClInclude>
    <ClInclude Include="HDxState.h">
      <Filter>dx</Filter>
    </ClInclude>
    <ClInclude Include="HMatrix.h">
      <Filter>math</Filter>
    </ClInclude>
    <ClInclude Include="HShape.h">
      <Filter>math</Filter>
    </ClInclude>
    <ClInclude Include="HVector.h">
      <Filter>math</Filter>
    </ClInclude>
    <ClInclude Include="Dxtk\DDS.h">
      <Filter>dxtk</Filter>
    </ClInclude>
    <ClInclude Include="Dxtk\DDSTextureLoader.h">
      <Filter>dxtk</Filter>
    </ClInclude>
    <ClInclude Include="Dxtk\DirectXHelpers.h">
      <Filter>dxtk</Filter>
    </ClInclude>
    <ClInclude Include="Dxtk\LoaderHelpers.h">
      <Filter>dxtk</Filter>
    </ClInclude>
    <ClInclude Include="Dxtk\pch.h">
      <Filter>dxtk</Filter>
    </ClInclude>
    <ClInclude Include="Dxtk\PlatformHelpers.h">
      <Filter>dxtk</Filter>
    </ClInclude>
    <ClInclude Include="Dxtk\WICTextureLoader.h">
      <Filter>dxtk</Filter>
    </ClInclude>
    <ClInclude Include="SimpleMath.h">
      <Filter>math</Filter>
    </ClInclude>
    <ClInclude Include="HMath.h">
      <Filter>헤더 파일</Filter>
    </ClInclude>
    <ClInclude Include="HCamera.h">
      <Filter>Camera</Filter>
    </ClInclude>
    <ClInclude Include="HDebugCamera.h">
      <Filter>Camera</Filter>
    </ClInclude>
  </ItemGroup>
  <ItemGroup>
    <ClCompile Include="HCore.cpp">
      <Filter>소스 파일</Filter>
    </ClCompile>
    <ClCompile Include="HGraphicAPI.cpp">
      <Filter>소스 파일</Filter>
    </ClCompile>
    <ClCompile Include="HInput.cpp">
      <Filter>소스 파일</Filter>
    </ClCompile>
    <ClCompile Include="HTimer.cpp">
      <Filter>소스 파일</Filter>
    </ClCompile>
    <ClCompile Include="HWindow.cpp">
      <Filter>소스 파일</Filter>
    </ClCompile>
    <ClCompile Include="HWrite.cpp">
      <Filter>소스 파일</Filter>
    </ClCompile>
    <ClCompile Include="HDevice.cpp">
      <Filter>소스 파일</Filter>
    </ClCompile>
    <ClCompile Include="HDxState.cpp">
      <Filter>dx</Filter>
    </ClCompile>
    <ClCompile Include="HMatrix.cpp">
      <Filter>math</Filter>
    </ClCompile>
    <ClCompile Include="HShape.cpp">
      <Filter>math</Filter>
    </ClCompile>
    <ClCompile Include="HVector.cpp">
      <Filter>math</Filter>
    </ClCompile>
    <ClCompile Include="Dxtk\DDSTextureLoader.cpp">
      <Filter>dxtk</Filter>
    </ClCompile>
    <ClCompile Include="Dxtk\WICTextureLoader.cpp">
      <Filter>dxtk</Filter>
    </ClCompile>
    <ClCompile Include="HCamera.cpp">
      <Filter>Camera</Filter>
    </ClCompile>
    <ClCompile Include="HDebugCamera.cpp">
      <Filter>Camera</Filter>
    </ClCompile>
  </ItemGroup>
  <ItemGroup>
    <None Include="SimpleMath.inl">
      <Filter>math</Filter>
    </None>
  </ItemGroup>
</Project>