<?xml version="1.0" encoding="utf-8"?>
<Project ToolsVersion="4.0" xmlns="http://schemas.microsoft.com/developer/msbuild/2003">
  <ItemGroup>
    <Filter Include="소스 파일">
      <UniqueIdentifier>{4FC737F1-C7A5-4376-A066-2A32D752A2FF}</UniqueIdentifier>
      <Extensions>cpp;c;cc;cxx;def;odl;idl;hpj;bat;asm;asmx</Extensions>
    </Filter>
    <Filter Include="헤더 파일">
      <UniqueIdentifier>{93995380-89BD-4b04-88EB-625FBE52EBFB}</UniqueIdentifier>
      <Extensions>h;hh;hpp;hxx;hm;inl;inc;ipp;xsd</Extensions>
    </Filter>
    <Filter Include="리소스 파일">
      <UniqueIdentifier>{67DA6AB6-F800-4c08-8B7A-83BB121AAD01}</UniqueIdentifier>
      <Extensions>rc;ico;cur;bmp;dlg;rc2;rct;bin;rgs;gif;jpg;jpeg;jpe;resx;tiff;tif;png;wav;mfcribbon-ms</Extensions>
    </Filter>
  </ItemGroup>
  <ItemGroup>
    <ClInclude Include="TAttackState.h">
      <Filter>헤더 파일</Filter>
    </ClInclude>
    <ClInclude Include="TBasisStd.h">
      <Filter>헤더 파일</Filter>
    </ClInclude>
    <ClInclude Include="TBitmap.h">
      <Filter>헤더 파일</Filter>
    </ClInclude>
    <ClInclude Include="TBitmapManager.h">
      <Filter>헤더 파일</Filter>
    </ClInclude>
    <ClInclude Include="TCollision.h">
      <Filter>헤더 파일</Filter>
    </ClInclude>
    <ClInclude Include="TCore.h">
      <Filter>헤더 파일</Filter>
    </ClInclude>
    <ClInclude Include="TCoreStd.h">
      <Filter>헤더 파일</Filter>
    </ClInclude>
    <ClInclude Include="TEffect.h">
      <Filter>헤더 파일</Filter>
    </ClInclude>
    <ClInclude Include="TEnemyState.h">
      <Filter>헤더 파일</Filter>
    </ClInclude>
    <ClInclude Include="TFiniteState.h">
      <Filter>헤더 파일</Filter>
    </ClInclude>
    <ClInclude Include="TFiniteStateMachine.h">
      <Filter>헤더 파일</Filter>
    </ClInclude>
    <ClInclude Include="TGameUser.h">
      <Filter>헤더 파일</Filter>
    </ClInclude>
    <ClInclude Include="TGraphicAPI.h">
      <Filter>헤더 파일</Filter>
    </ClInclude>
    <ClInclude Include="TInput.h">
      <Filter>헤더 파일</Filter>
    </ClInclude>
    <ClInclude Include="TMath.h">
      <Filter>헤더 파일</Filter>
    </ClInclude>
    <ClInclude Include="TMoveState.h">
      <Filter>헤더 파일</Filter>
    </ClInclude>
    <ClInclude Include="TNpcObject.h">
      <Filter>헤더 파일</Filter>
    </ClInclude>
    <ClInclude Include="TObject.h">
      <Filter>헤더 파일</Filter>
    </ClInclude>
    <ClInclude Include="TObjectMgr.h">
      <Filter>헤더 파일</Filter>
    </ClInclude>
    <ClInclude Include="TProjectile.h">
      <Filter>헤더 파일</Filter>
    </ClInclude>
    <ClInclude Include="TScene.h">
      <Filter>헤더 파일</Filter>
    </ClInclude>
    <ClInclude Include="TSound.h">
      <Filter>헤더 파일</Filter>
    </ClInclude>
    <ClInclude Include="TSoundManager.h">
      <Filter>헤더 파일</Filter>
    </ClInclude>
    <ClInclude Include="TStandState.h">
      <Filter>헤더 파일</Filter>
    </ClInclude>
    <ClInclude Include="TStd.h">
      <Filter>헤더 파일</Filter>
    </ClInclude>
    <ClInclude Include="TTimer.h">
      <Filter>헤더 파일</Filter>
    </ClInclude>
    <ClInclude Include="TUserInterface.h">
      <Filter>헤더 파일</Filter>
    </ClInclude>
    <ClInclude Include="TWindow.h">
      <Filter>헤더 파일</Filter>
    </ClInclude>
    <ClInclude Include="TWrite.h">
      <Filter>헤더 파일</Filter>
    </ClInclude>
  </ItemGroup>
  <ItemGroup>
    <ClCompile Include="TWrite.cpp">
      <Filter>소스 파일</Filter>
    </ClCompile>
    <ClCompile Include="TAttackState.cpp">
      <Filter>소스 파일</Filter>
    </ClCompile>
    <ClCompile Include="TBitmap.cpp">
      <Filter>소스 파일</Filter>
    </ClCompile>
    <ClCompile Include="TBitmapManager.cpp">
      <Filter>소스 파일</Filter>
    </ClCompile>
    <ClCompile Include="TCollision.cpp">
      <Filter>소스 파일</Filter>
    </ClCompile>
    <ClCompile Include="TCore.cpp">
      <Filter>소스 파일</Filter>
    </ClCompile>
    <ClCompile Include="TEffect.cpp">
      <Filter>소스 파일</Filter>
    </ClCompile>
    <ClCompile Include="TEnemyState.cpp">
      <Filter>소스 파일</Filter>
    </ClCompile>
    <ClCompile Include="TFiniteState.cpp">
      <Filter>소스 파일</Filter>
    </ClCompile>
    <ClCompile Include="TFiniteStateMachine.cpp">
      <Filter>소스 파일</Filter>
    </ClCompile>
    <ClCompile Include="TGameUser.cpp">
      <Filter>소스 파일</Filter>
    </ClCompile>
    <ClCompile Include="TGraphicAPI.cpp">
      <Filter>소스 파일</Filter>
    </ClCompile>
    <ClCompile Include="TInput.cpp">
      <Filter>소스 파일</Filter>
    </ClCompile>
    <ClCompile Include="TMath.cpp">
      <Filter>소스 파일</Filter>
    </ClCompile>
    <ClCompile Include="TMoveState.cpp">
      <Filter>소스 파일</Filter>
    </ClCompile>
    <ClCompile Include="TNpcObject.cpp">
      <Filter>소스 파일</Filter>
    </ClCompile>
    <ClCompile Include="TObject.cpp">
      <Filter>소스 파일</Filter>
    </ClCompile>
    <ClCompile Include="TObjectMgr.cpp">
      <Filter>소스 파일</Filter>
    </ClCompile>
    <ClCompile Include="TProjectile.cpp">
      <Filter>소스 파일</Filter>
    </ClCompile>
    <ClCompile Include="TScene.cpp">
      <Filter>소스 파일</Filter>
    </ClCompile>
    <ClCompile Include="TSound.cpp">
      <Filter>소스 파일</Filter>
    </ClCompile>
    <ClCompile Include="TSoundManager.cpp">
      <Filter>소스 파일</Filter>
    </ClCompile>
    <ClCompile Include="TStandState.cpp">
      <Filter>소스 파일</Filter>
    </ClCompile>
    <ClCompile Include="TTimer.cpp">
      <Filter>소스 파일</Filter>
    </ClCompile>
    <ClCompile Include="TUserInterface.cpp">
      <Filter>소스 파일</Filter>
    </ClCompile>
    <ClCompile Include="TWindow.cpp">
      <Filter>소스 파일</Filter>
    </ClCompile>
  </ItemGroup>
  <ItemGroup>
    <Text Include="doc.txt" />
  </ItemGroup>
</Project>