
Microsoft Visual Studio Solution File, Format Version 12.00
# Visual Studio 15
VisualStudioVersion = 15.0.28307.1231
MinimumVisualStudioVersion = 10.0.40219.1
Project("{8BC9CEB8-8B4A-11D0-8D11-00A0C91BC942}") = "MyGames", "MyGames\MyGames.vcxproj", "{E4E4F084-FFB3-4ADE-AA67-5730BB6C320C}"
EndProject
Project("{2150E333-8FDC-42A3-9474-1A3956D46DE8}") = "Traning", "Traning", "{9CBB4F7D-14F6-41D1-9AF3-5B22D6749AED}"
EndProject
Project("{8BC9CEB8-8B4A-11D0-8D11-00A0C91BC942}") = "vector", "Project1\Project1.vcxproj", "{2A094CF3-5229-4BCB-A3A9-4FAD8B06D5E1}"
EndProject
Project("{8BC9CEB8-8B4A-11D0-8D11-00A0C91BC942}") = "list1", "list\list.vcxproj", "{71D38969-B75A-485C-8634-57BDB0E570EA}"
EndProject
Project("{8BC9CEB8-8B4A-11D0-8D11-00A0C91BC942}") = "list0set", "list2\list2.vcxproj", "{FDF99C2F-3F75-45E1-AA06-25C7C16F43B8}"
EndProject
Project("{8BC9CEB8-8B4A-11D0-8D11-00A0C91BC942}") = "Mygame2", "Mygame2\Mygame2.vcxproj", "{7268257A-41FB-48FE-8FAA-069DD5C9A56D}"
EndProject
Project("{8BC9CEB8-8B4A-11D0-8D11-00A0C91BC942}") = "MyGame3", "MyGame3\MyGame3.vcxproj", "{D8D3769F-341E-45D7-9900-CCB036F913F2}"
EndProject
Project("{8BC9CEB8-8B4A-11D0-8D11-00A0C91BC942}") = "Sample1", "Sample1\Sample1.vcxproj", "{7A18C380-C391-4FD6-BCFF-9D9473D1AF8C}"
EndProject
Project("{2150E333-8FDC-42A3-9474-1A3956D46DE8}") = "before", "before", "{D852C089-91D7-480D-949D-E6FBE8FC0565}"
EndProject
Project("{2150E333-8FDC-42A3-9474-1A3956D46DE8}") = "Window", "Window", "{09634295-0418-40E4-BDBF-58F1AAB4D057}"
EndProject
Project("{8BC9CEB8-8B4A-11D0-8D11-00A0C91BC942}") = "DemoProject1", "DemoProject1\DemoProject1.vcxproj", "{502C478B-D888-4D8D-89AC-9C0D6CC54241}"
EndProject
Project("{8BC9CEB8-8B4A-11D0-8D11-00A0C91BC942}") = "DemoProject2", "DemoProject2\DemoProject2.vcxproj", "{5EF9996E-5529-4EA1-AE05-ED3DB2674EF1}"
EndProject
Project("{8BC9CEB8-8B4A-11D0-8D11-00A0C91BC942}") = "DemoProject3", "DemoProject3\DemoProject3.vcxproj", "{F971E6F1-B3D3-4F21-B70F-9A3D5EF834CC}"
EndProject
Project("{8BC9CEB8-8B4A-11D0-8D11-00A0C91BC942}") = "DemoProject4", "DemoProject4\DemoProject4.vcxproj", "{AB6E3E67-7191-485F-B066-F6FDA2A160B3}"
EndProject
Project("{8BC9CEB8-8B4A-11D0-8D11-00A0C91BC942}") = "HCoreLib", "HCoreLib\HCoreLib.vcxproj", "{77D6BFB5-0518-499F-90FA-B171F70E4AFE}"
EndProject
Project("{8BC9CEB8-8B4A-11D0-8D11-00A0C91BC942}") = "DemoProject5", "DemoProject5\DemoProject5.vcxproj", "{78B96389-7CD6-4512-907A-42E35FE9CD4C}"
EndProject
Project("{8BC9CEB8-8B4A-11D0-8D11-00A0C91BC942}") = "Bitmap", "Bitmap\Bitmap.vcxproj", "{463221F6-C19F-4C70-AB41-07489062772C}"
EndProject
Project("{8BC9CEB8-8B4A-11D0-8D11-00A0C91BC942}") = "Bitmap1", "Bitmap1\Bitmap1.vcxproj", "{D49F0142-99B8-459F-A0E8-92E08B7A3221}"
EndProject
Project("{8BC9CEB8-8B4A-11D0-8D11-00A0C91BC942}") = "CreateObject3", "CreateObject3\CreateObject3.vcxproj", "{CBD1CA46-8CEC-4C34-B49F-D0102F4DB21C}"
EndProject
Project("{8BC9CEB8-8B4A-11D0-8D11-00A0C91BC942}") = "HSceneCollision", "HSceneCollision\HSceneCollision.vcxproj", "{1F07CDD1-6344-4293-B670-398C0080BF8E}"
EndProject
Project("{8BC9CEB8-8B4A-11D0-8D11-00A0C91BC942}") = "LoadDIB", "LoadDIB\LoadDIB.vcxproj", "{4CE13BEA-4AE0-4734-8BB6-113D6FF95111}"
EndProject
Project("{8BC9CEB8-8B4A-11D0-8D11-00A0C91BC942}") = "CreateRotation", "CreateRotation\CreateRotation.vcxproj", "{95B83BAE-556B-4A4D-803A-FC30C40D2DA4}"
EndProject
Project("{8BC9CEB8-8B4A-11D0-8D11-00A0C91BC942}") = "CreateScroll", "CreateScroll\CreateScroll.vcxproj", "{7AFFD903-2472-4CBC-B9FB-4BC1DF785284}"
EndProject
Project("{8BC9CEB8-8B4A-11D0-8D11-00A0C91BC942}") = "HSprite", "HSprite\HSprite.vcxproj", "{CCB0AC3B-813C-43A5-996B-48D5EF6A1A6D}"
EndProject
Project("{8BC9CEB8-8B4A-11D0-8D11-00A0C91BC942}") = "HFiniteState", "HFiniteState\HFiniteState.vcxproj", "{EABCBCE9-C64D-42DB-AEF0-53855ACC1E3D}"
EndProject
Project("{8BC9CEB8-8B4A-11D0-8D11-00A0C91BC942}") = "Socket", "Socket\Socket.vcxproj", "{37CE0401-6A4B-4392-89BD-F254936121E2}"
EndProject
Project("{2150E333-8FDC-42A3-9474-1A3956D46DE8}") = "Network", "Network", "{6FD5D6D6-D4F8-4C51-A7F1-26F140E202A8}"
EndProject
Project("{8BC9CEB8-8B4A-11D0-8D11-00A0C91BC942}") = "SocketServer", "SocketServer\SocketServer.vcxproj", "{70C617C9-BB5C-422C-8F53-FDF57D51D46C}"
EndProject
Project("{8BC9CEB8-8B4A-11D0-8D11-00A0C91BC942}") = "ChatServer", "ChatServer\ChatServer.vcxproj", "{16097592-2506-43A8-B359-D103EAA7A35A}"
EndProject
Project("{8BC9CEB8-8B4A-11D0-8D11-00A0C91BC942}") = "ChatClient", "ChatClient\ChatClient.vcxproj", "{9D7B1466-9094-4962-B775-227C84C53A89}"
EndProject
Project("{8BC9CEB8-8B4A-11D0-8D11-00A0C91BC942}") = "HChatClient", "HChatClient\HChatClient.vcxproj", "{D1D5AD51-0129-4D1F-B648-1031EEF78BE8}"
EndProject
Project("{8BC9CEB8-8B4A-11D0-8D11-00A0C91BC942}") = "HChatServer", "HChatServer\HChatServer.vcxproj", "{EF39AB08-F535-4AD9-B132-61324E34A435}"
EndProject
Project("{8BC9CEB8-8B4A-11D0-8D11-00A0C91BC942}") = "HGameClient", "HGameClient\HGameClient.vcxproj", "{F6D18532-9C14-4A33-BFE2-E00B49442A52}"
EndProject
Project("{8BC9CEB8-8B4A-11D0-8D11-00A0C91BC942}") = "HNetLib", "HNetLib\HNetLib.vcxproj", "{5B43D188-01C7-410E-8083-AA3137743C96}"
EndProject
Project("{8BC9CEB8-8B4A-11D0-8D11-00A0C91BC942}") = "HGameClientSelect1", "HGameClientSelect1\HGameClientSelect1.vcxproj", "{AA0C3D4F-8940-486C-8B95-7FBAC34ED969}"
EndProject
Project("{2150E333-8FDC-42A3-9474-1A3956D46DE8}") = "Server", "Server", "{DFBBC778-86F7-4026-9A24-45C8B4F04845}"
EndProject
Project("{8BC9CEB8-8B4A-11D0-8D11-00A0C91BC942}") = "HNetCore", "HNetCore\HNetCore.vcxproj", "{25383FA8-5E7E-486E-B6F7-7782F8A4B44A}"
EndProject
Project("{8BC9CEB8-8B4A-11D0-8D11-00A0C91BC942}") = "SampleServer", "SampleServer\SampleServer.vcxproj", "{C98CA321-879E-4592-AE5F-646F98815232}"
EndProject
Project("{2150E333-8FDC-42A3-9474-1A3956D46DE8}") = "AsyncIO", "AsyncIO", "{2FA9BF3B-8ACF-4646-B4D9-6562673A6DD6}"
EndProject
Project("{8BC9CEB8-8B4A-11D0-8D11-00A0C91BC942}") = "SampleAsync", "SampleAsync\SampleAsync.vcxproj", "{CCDC7FA0-91A4-4CCE-81F7-87421A529298}"
EndProject
Project("{8BC9CEB8-8B4A-11D0-8D11-00A0C91BC942}") = "SampleIOCPFile", "SampleIOCPFile\SampleIOCPFile.vcxproj", "{9B049911-DD0C-4B0F-A94A-CA6688040490}"
EndProject
Project("{2150E333-8FDC-42A3-9474-1A3956D46DE8}") = "Game", "Game", "{ED954FFA-D555-41CB-8B22-1B74F6332A7D}"
EndProject
Project("{2150E333-8FDC-42A3-9474-1A3956D46DE8}") = "Client", "Client", "{CE179A8C-6B69-4ECD-8DE2-78E02DBABB2F}"
EndProject
Project("{2150E333-8FDC-42A3-9474-1A3956D46DE8}") = "DX", "DX", "{982E6880-85FB-4497-82AF-63BF8D395479}"
EndProject
Project("{8BC9CEB8-8B4A-11D0-8D11-00A0C91BC942}") = "Basis2DLib", "Basis2DLib\Basis2DLib.vcxproj", "{9957D142-3774-4CB0-A5D8-6D7DC392C392}"
EndProject
Project("{8BC9CEB8-8B4A-11D0-8D11-00A0C91BC942}") = "CreateDevice", "CreateDevice\CreateDevice.vcxproj", "{E48BB144-E4E6-4DA2-8803-CFEAD79EE9DC}"
EndProject
Project("{8BC9CEB8-8B4A-11D0-8D11-00A0C91BC942}") = "Basis3DLib", "Basis3DLib\Basis3DLib.vcxproj", "{0F7E36E1-230F-437B-931B-4EC17B4505E5}"
EndProject
Project("{8BC9CEB8-8B4A-11D0-8D11-00A0C91BC942}") = "SampleVB", "SampleVB\SampleVB.vcxproj", "{764D4CDF-A6A7-451D-863D-2B8178AB7053}"
EndProject
Project("{8BC9CEB8-8B4A-11D0-8D11-00A0C91BC942}") = "SampleCB", "SampleCB\SampleCB.vcxproj", "{9F6A660F-ACD2-4CB9-8F6A-A1E3BC5A4C70}"
EndProject
Project("{8BC9CEB8-8B4A-11D0-8D11-00A0C91BC942}") = "SampleCB1", "SampleCB1\SampleCB1.vcxproj", "{22386F48-DF81-4ABA-A0E1-C2D0D83CEE86}"
EndProject
Project("{8BC9CEB8-8B4A-11D0-8D11-00A0C91BC942}") = "DirectXTK_Desktop_2017", "..\DirectXTK\DirectXTK_Desktop_2017.vcxproj", "{E0B52AE7-E160-4D32-BF3F-910B785E5A8E}"
EndProject
Project("{8BC9CEB8-8B4A-11D0-8D11-00A0C91BC942}") = "SampleDrawBox", "SampleDrawBox\SampleDrawBox.vcxproj", "{7AEA274B-8E62-4A95-84BD-E77E670FE581}"
EndProject
Project("{8BC9CEB8-8B4A-11D0-8D11-00A0C91BC942}") = "SampleStencilBuffer", "SampleStencilBuffer\SampleStencilBuffer.vcxproj", "{DFD8B8B7-0E4A-4600-9DA6-4CC6E65D7B93}"
EndProject
Project("{8BC9CEB8-8B4A-11D0-8D11-00A0C91BC942}") = "SampleMap", "SampleMap\SampleMap.vcxproj", "{64F9B16A-F1BA-4C07-9BBE-67DF4701476B}"
EndProject
Project("{8BC9CEB8-8B4A-11D0-8D11-00A0C91BC942}") = "CusTomizeMap", "CusTomizeMap\CusTomizeMap.vcxproj", "{947C4524-E1EE-48EF-A8F1-8177985B066D}"
EndProject
Project("{8BC9CEB8-8B4A-11D0-8D11-00A0C91BC942}") = "SampleQuadTree", "SampleQuadTree\SampleQuadTree.vcxproj", "{465EF67B-6F14-4612-BCF0-C559120E94EA}"
EndProject
Project("{8BC9CEB8-8B4A-11D0-8D11-00A0C91BC942}") = "SampleMousePicking", "SampleMousePicking\SampleMousePicking.vcxproj", "{8E9131A5-9239-4A62-BBE0-4DE5AEBF57B0}"
EndProject
Project("{8BC9CEB8-8B4A-11D0-8D11-00A0C91BC942}") = "SphereToRay", "BoxToRay\BoxToRay.vcxproj", "{080A7B0B-D746-4F40-9EAF-A10E49FF090A}"
EndProject
Project("{2150E333-8FDC-42A3-9474-1A3956D46DE8}") = "Collision", "Collision", "{CEC057DC-3A69-4883-8938-2E94240D9EE1}"
EndProject
Project("{8BC9CEB8-8B4A-11D0-8D11-00A0C91BC942}") = "BoxToRay", "SphereToRay\SphereToRay.vcxproj", "{066440D0-CAF9-421D-B504-B5B6164A20BA}"
EndProject
Project("{8BC9CEB8-8B4A-11D0-8D11-00A0C91BC942}") = "SampleMap1", "SampleMap1\SampleMap1.vcxproj", "{55F68EE5-C618-464F-9855-44CD44F2EF76}"
EndProject
Project("{2150E333-8FDC-42A3-9474-1A3956D46DE8}") = "FBX", "FBX", "{F292198A-6AF9-4F35-893A-0C4819B24D9E}"
EndProject
Project("{8BC9CEB8-8B4A-11D0-8D11-00A0C91BC942}") = "FBXLoader", "FBXLoader\FBXLoader.vcxproj", "{8EE67F4B-1F5B-43FC-B0A8-4A752C5CA523}"
EndProject
Project("{8BC9CEB8-8B4A-11D0-8D11-00A0C91BC942}") = "FBXBindPostAnimation", "FBXBindPostAnimation\FBXBindPostAnimation.vcxproj", "{2BB5FC6B-B1F5-4F36-A41A-66BA02545943}"
EndProject
Project("{8BC9CEB8-8B4A-11D0-8D11-00A0C91BC942}") = "FBXBindPostAnimationW", "FBXBindPostAnimationW\FBXBindPostAnimationW.vcxproj", "{368336D0-EB86-4897-AB30-1B7956470877}"
EndProject
Project("{8BC9CEB8-8B4A-11D0-8D11-00A0C91BC942}") = "FBXBindPostAnimationW1", "FBXBindPostAnimationW1\FBXBindPostAnimationW1.vcxproj", "{2BA0987D-7325-4887-B45C-BAE790421725}"
EndProject
Project("{8BC9CEB8-8B4A-11D0-8D11-00A0C91BC942}") = "HModel", "HModel\HModel.vcxproj", "{6C923E63-02DF-4D18-885F-67D36B3A687F}"
EndProject
Project("{8BC9CEB8-8B4A-11D0-8D11-00A0C91BC942}") = "HInstancing", "HInstancing\HInstancing.vcxproj", "{6DB36076-492C-49B1-A71C-B83961A0BB73}"
EndProject
Project("{8BC9CEB8-8B4A-11D0-8D11-00A0C91BC942}") = "SampleMFC", "SampleMFC\SampleMFC.vcxproj", "{3A377740-FD01-493D-8D27-82DFC66C260C}"
EndProject
Project("{8BC9CEB8-8B4A-11D0-8D11-00A0C91BC942}") = "DemoTools", "DemoTools\DemoTools.vcxproj", "{4BF7703C-AE4A-4DE7-8C5B-0D27516C055E}"
EndProject
Project("{2150E333-8FDC-42A3-9474-1A3956D46DE8}") = "MFC", "MFC", "{EC32233A-5ADE-49ED-81B2-AD3661054C5F}"
EndProject
Project("{8BC9CEB8-8B4A-11D0-8D11-00A0C91BC942}") = "CharacterTool", "CharacterTool\CharacterTool.vcxproj", "{AC36A22E-0C05-4654-A5B2-43439DACFB29}"
EndProject
Global
	GlobalSection(SolutionConfigurationPlatforms) = preSolution
		Debug|x64 = Debug|x64
		Debug|x86 = Debug|x86
		Release|x64 = Release|x64
		Release|x86 = Release|x86
	EndGlobalSection
	GlobalSection(ProjectConfigurationPlatforms) = postSolution
		{E4E4F084-FFB3-4ADE-AA67-5730BB6C320C}.Debug|x64.ActiveCfg = Debug|x64
		{E4E4F084-FFB3-4ADE-AA67-5730BB6C320C}.Debug|x64.Build.0 = Debug|x64
		{E4E4F084-FFB3-4ADE-AA67-5730BB6C320C}.Debug|x86.ActiveCfg = Debug|Win32
		{E4E4F084-FFB3-4ADE-AA67-5730BB6C320C}.Debug|x86.Build.0 = Debug|Win32
		{E4E4F084-FFB3-4ADE-AA67-5730BB6C320C}.Release|x64.ActiveCfg = Release|x64
		{E4E4F084-FFB3-4ADE-AA67-5730BB6C320C}.Release|x64.Build.0 = Release|x64
		{E4E4F084-FFB3-4ADE-AA67-5730BB6C320C}.Release|x86.ActiveCfg = Release|Win32
		{E4E4F084-FFB3-4ADE-AA67-5730BB6C320C}.Release|x86.Build.0 = Release|Win32
		{2A094CF3-5229-4BCB-A3A9-4FAD8B06D5E1}.Debug|x64.ActiveCfg = Debug|x64
		{2A094CF3-5229-4BCB-A3A9-4FAD8B06D5E1}.Debug|x64.Build.0 = Debug|x64
		{2A094CF3-5229-4BCB-A3A9-4FAD8B06D5E1}.Debug|x86.ActiveCfg = Debug|Win32
		{2A094CF3-5229-4BCB-A3A9-4FAD8B06D5E1}.Debug|x86.Build.0 = Debug|Win32
		{2A094CF3-5229-4BCB-A3A9-4FAD8B06D5E1}.Release|x64.ActiveCfg = Release|x64
		{2A094CF3-5229-4BCB-A3A9-4FAD8B06D5E1}.Release|x64.Build.0 = Release|x64
		{2A094CF3-5229-4BCB-A3A9-4FAD8B06D5E1}.Release|x86.ActiveCfg = Release|Win32
		{2A094CF3-5229-4BCB-A3A9-4FAD8B06D5E1}.Release|x86.Build.0 = Release|Win32
		{71D38969-B75A-485C-8634-57BDB0E570EA}.Debug|x64.ActiveCfg = Debug|x64
		{71D38969-B75A-485C-8634-57BDB0E570EA}.Debug|x64.Build.0 = Debug|x64
		{71D38969-B75A-485C-8634-57BDB0E570EA}.Debug|x86.ActiveCfg = Debug|Win32
		{71D38969-B75A-485C-8634-57BDB0E570EA}.Debug|x86.Build.0 = Debug|Win32
		{71D38969-B75A-485C-8634-57BDB0E570EA}.Release|x64.ActiveCfg = Release|x64
		{71D38969-B75A-485C-8634-57BDB0E570EA}.Release|x64.Build.0 = Release|x64
		{71D38969-B75A-485C-8634-57BDB0E570EA}.Release|x86.ActiveCfg = Release|Win32
		{71D38969-B75A-485C-8634-57BDB0E570EA}.Release|x86.Build.0 = Release|Win32
		{FDF99C2F-3F75-45E1-AA06-25C7C16F43B8}.Debug|x64.ActiveCfg = Debug|x64
		{FDF99C2F-3F75-45E1-AA06-25C7C16F43B8}.Debug|x64.Build.0 = Debug|x64
		{FDF99C2F-3F75-45E1-AA06-25C7C16F43B8}.Debug|x86.ActiveCfg = Debug|Win32
		{FDF99C2F-3F75-45E1-AA06-25C7C16F43B8}.Debug|x86.Build.0 = Debug|Win32
		{FDF99C2F-3F75-45E1-AA06-25C7C16F43B8}.Release|x64.ActiveCfg = Release|x64
		{FDF99C2F-3F75-45E1-AA06-25C7C16F43B8}.Release|x64.Build.0 = Release|x64
		{FDF99C2F-3F75-45E1-AA06-25C7C16F43B8}.Release|x86.ActiveCfg = Release|Win32
		{FDF99C2F-3F75-45E1-AA06-25C7C16F43B8}.Release|x86.Build.0 = Release|Win32
		{7268257A-41FB-48FE-8FAA-069DD5C9A56D}.Debug|x64.ActiveCfg = Debug|x64
		{7268257A-41FB-48FE-8FAA-069DD5C9A56D}.Debug|x64.Build.0 = Debug|x64
		{7268257A-41FB-48FE-8FAA-069DD5C9A56D}.Debug|x86.ActiveCfg = Debug|Win32
		{7268257A-41FB-48FE-8FAA-069DD5C9A56D}.Debug|x86.Build.0 = Debug|Win32
		{7268257A-41FB-48FE-8FAA-069DD5C9A56D}.Release|x64.ActiveCfg = Release|x64
		{7268257A-41FB-48FE-8FAA-069DD5C9A56D}.Release|x64.Build.0 = Release|x64
		{7268257A-41FB-48FE-8FAA-069DD5C9A56D}.Release|x86.ActiveCfg = Release|Win32
		{7268257A-41FB-48FE-8FAA-069DD5C9A56D}.Release|x86.Build.0 = Release|Win32
		{D8D3769F-341E-45D7-9900-CCB036F913F2}.Debug|x64.ActiveCfg = Debug|x64
		{D8D3769F-341E-45D7-9900-CCB036F913F2}.Debug|x64.Build.0 = Debug|x64
		{D8D3769F-341E-45D7-9900-CCB036F913F2}.Debug|x86.ActiveCfg = Debug|Win32
		{D8D3769F-341E-45D7-9900-CCB036F913F2}.Debug|x86.Build.0 = Debug|Win32
		{D8D3769F-341E-45D7-9900-CCB036F913F2}.Release|x64.ActiveCfg = Release|x64
		{D8D3769F-341E-45D7-9900-CCB036F913F2}.Release|x64.Build.0 = Release|x64
		{D8D3769F-341E-45D7-9900-CCB036F913F2}.Release|x86.ActiveCfg = Release|Win32
		{D8D3769F-341E-45D7-9900-CCB036F913F2}.Release|x86.Build.0 = Release|Win32
		{7A18C380-C391-4FD6-BCFF-9D9473D1AF8C}.Debug|x64.ActiveCfg = Debug|x64
		{7A18C380-C391-4FD6-BCFF-9D9473D1AF8C}.Debug|x64.Build.0 = Debug|x64
		{7A18C380-C391-4FD6-BCFF-9D9473D1AF8C}.Debug|x86.ActiveCfg = Debug|Win32
		{7A18C380-C391-4FD6-BCFF-9D9473D1AF8C}.Debug|x86.Build.0 = Debug|Win32
		{7A18C380-C391-4FD6-BCFF-9D9473D1AF8C}.Release|x64.ActiveCfg = Release|x64
		{7A18C380-C391-4FD6-BCFF-9D9473D1AF8C}.Release|x64.Build.0 = Release|x64
		{7A18C380-C391-4FD6-BCFF-9D9473D1AF8C}.Release|x86.ActiveCfg = Release|Win32
		{7A18C380-C391-4FD6-BCFF-9D9473D1AF8C}.Release|x86.Build.0 = Release|Win32
		{502C478B-D888-4D8D-89AC-9C0D6CC54241}.Debug|x64.ActiveCfg = Debug|x64
		{502C478B-D888-4D8D-89AC-9C0D6CC54241}.Debug|x64.Build.0 = Debug|x64
		{502C478B-D888-4D8D-89AC-9C0D6CC54241}.Debug|x86.ActiveCfg = Debug|Win32
		{502C478B-D888-4D8D-89AC-9C0D6CC54241}.Debug|x86.Build.0 = Debug|Win32
		{502C478B-D888-4D8D-89AC-9C0D6CC54241}.Release|x64.ActiveCfg = Release|x64
		{502C478B-D888-4D8D-89AC-9C0D6CC54241}.Release|x64.Build.0 = Release|x64
		{502C478B-D888-4D8D-89AC-9C0D6CC54241}.Release|x86.ActiveCfg = Release|Win32
		{502C478B-D888-4D8D-89AC-9C0D6CC54241}.Release|x86.Build.0 = Release|Win32
		{5EF9996E-5529-4EA1-AE05-ED3DB2674EF1}.Debug|x64.ActiveCfg = Debug|x64
		{5EF9996E-5529-4EA1-AE05-ED3DB2674EF1}.Debug|x64.Build.0 = Debug|x64
		{5EF9996E-5529-4EA1-AE05-ED3DB2674EF1}.Debug|x86.ActiveCfg = Debug|Win32
		{5EF9996E-5529-4EA1-AE05-ED3DB2674EF1}.Debug|x86.Build.0 = Debug|Win32
		{5EF9996E-5529-4EA1-AE05-ED3DB2674EF1}.Release|x64.ActiveCfg = Release|x64
		{5EF9996E-5529-4EA1-AE05-ED3DB2674EF1}.Release|x64.Build.0 = Release|x64
		{5EF9996E-5529-4EA1-AE05-ED3DB2674EF1}.Release|x86.ActiveCfg = Release|Win32
		{5EF9996E-5529-4EA1-AE05-ED3DB2674EF1}.Release|x86.Build.0 = Release|Win32
		{F971E6F1-B3D3-4F21-B70F-9A3D5EF834CC}.Debug|x64.ActiveCfg = Debug|x64
		{F971E6F1-B3D3-4F21-B70F-9A3D5EF834CC}.Debug|x64.Build.0 = Debug|x64
		{F971E6F1-B3D3-4F21-B70F-9A3D5EF834CC}.Debug|x86.ActiveCfg = Debug|Win32
		{F971E6F1-B3D3-4F21-B70F-9A3D5EF834CC}.Debug|x86.Build.0 = Debug|Win32
		{F971E6F1-B3D3-4F21-B70F-9A3D5EF834CC}.Release|x64.ActiveCfg = Release|x64
		{F971E6F1-B3D3-4F21-B70F-9A3D5EF834CC}.Release|x64.Build.0 = Release|x64
		{F971E6F1-B3D3-4F21-B70F-9A3D5EF834CC}.Release|x86.ActiveCfg = Release|Win32
		{F971E6F1-B3D3-4F21-B70F-9A3D5EF834CC}.Release|x86.Build.0 = Release|Win32
		{AB6E3E67-7191-485F-B066-F6FDA2A160B3}.Debug|x64.ActiveCfg = Debug|x64
		{AB6E3E67-7191-485F-B066-F6FDA2A160B3}.Debug|x64.Build.0 = Debug|x64
		{AB6E3E67-7191-485F-B066-F6FDA2A160B3}.Debug|x86.ActiveCfg = Debug|Win32
		{AB6E3E67-7191-485F-B066-F6FDA2A160B3}.Debug|x86.Build.0 = Debug|Win32
		{AB6E3E67-7191-485F-B066-F6FDA2A160B3}.Release|x64.ActiveCfg = Release|x64
		{AB6E3E67-7191-485F-B066-F6FDA2A160B3}.Release|x64.Build.0 = Release|x64
		{AB6E3E67-7191-485F-B066-F6FDA2A160B3}.Release|x86.ActiveCfg = Release|Win32
		{AB6E3E67-7191-485F-B066-F6FDA2A160B3}.Release|x86.Build.0 = Release|Win32
		{77D6BFB5-0518-499F-90FA-B171F70E4AFE}.Debug|x64.ActiveCfg = Debug|x64
		{77D6BFB5-0518-499F-90FA-B171F70E4AFE}.Debug|x64.Build.0 = Debug|x64
		{77D6BFB5-0518-499F-90FA-B171F70E4AFE}.Debug|x86.ActiveCfg = Debug|Win32
		{77D6BFB5-0518-499F-90FA-B171F70E4AFE}.Debug|x86.Build.0 = Debug|Win32
		{77D6BFB5-0518-499F-90FA-B171F70E4AFE}.Release|x64.ActiveCfg = Release|x64
		{77D6BFB5-0518-499F-90FA-B171F70E4AFE}.Release|x64.Build.0 = Release|x64
		{77D6BFB5-0518-499F-90FA-B171F70E4AFE}.Release|x86.ActiveCfg = Release|Win32
		{77D6BFB5-0518-499F-90FA-B171F70E4AFE}.Release|x86.Build.0 = Release|Win32
		{78B96389-7CD6-4512-907A-42E35FE9CD4C}.Debug|x64.ActiveCfg = Debug|x64
		{78B96389-7CD6-4512-907A-42E35FE9CD4C}.Debug|x64.Build.0 = Debug|x64
		{78B96389-7CD6-4512-907A-42E35FE9CD4C}.Debug|x86.ActiveCfg = Debug|Win32
		{78B96389-7CD6-4512-907A-42E35FE9CD4C}.Debug|x86.Build.0 = Debug|Win32
		{78B96389-7CD6-4512-907A-42E35FE9CD4C}.Release|x64.ActiveCfg = Release|x64
		{78B96389-7CD6-4512-907A-42E35FE9CD4C}.Release|x64.Build.0 = Release|x64
		{78B96389-7CD6-4512-907A-42E35FE9CD4C}.Release|x86.ActiveCfg = Release|Win32
		{78B96389-7CD6-4512-907A-42E35FE9CD4C}.Release|x86.Build.0 = Release|Win32
		{463221F6-C19F-4C70-AB41-07489062772C}.Debug|x64.ActiveCfg = Debug|x64
		{463221F6-C19F-4C70-AB41-07489062772C}.Debug|x64.Build.0 = Debug|x64
		{463221F6-C19F-4C70-AB41-07489062772C}.Debug|x86.ActiveCfg = Debug|Win32
		{463221F6-C19F-4C70-AB41-07489062772C}.Debug|x86.Build.0 = Debug|Win32
		{463221F6-C19F-4C70-AB41-07489062772C}.Release|x64.ActiveCfg = Release|x64
		{463221F6-C19F-4C70-AB41-07489062772C}.Release|x64.Build.0 = Release|x64
		{463221F6-C19F-4C70-AB41-07489062772C}.Release|x86.ActiveCfg = Release|Win32
		{463221F6-C19F-4C70-AB41-07489062772C}.Release|x86.Build.0 = Release|Win32
		{D49F0142-99B8-459F-A0E8-92E08B7A3221}.Debug|x64.ActiveCfg = Debug|x64
		{D49F0142-99B8-459F-A0E8-92E08B7A3221}.Debug|x64.Build.0 = Debug|x64
		{D49F0142-99B8-459F-A0E8-92E08B7A3221}.Debug|x86.ActiveCfg = Debug|Win32
		{D49F0142-99B8-459F-A0E8-92E08B7A3221}.Debug|x86.Build.0 = Debug|Win32
		{D49F0142-99B8-459F-A0E8-92E08B7A3221}.Release|x64.ActiveCfg = Release|x64
		{D49F0142-99B8-459F-A0E8-92E08B7A3221}.Release|x64.Build.0 = Release|x64
		{D49F0142-99B8-459F-A0E8-92E08B7A3221}.Release|x86.ActiveCfg = Release|Win32
		{D49F0142-99B8-459F-A0E8-92E08B7A3221}.Release|x86.Build.0 = Release|Win32
		{CBD1CA46-8CEC-4C34-B49F-D0102F4DB21C}.Debug|x64.ActiveCfg = Debug|x64
		{CBD1CA46-8CEC-4C34-B49F-D0102F4DB21C}.Debug|x64.Build.0 = Debug|x64
		{CBD1CA46-8CEC-4C34-B49F-D0102F4DB21C}.Debug|x86.ActiveCfg = Debug|Win32
		{CBD1CA46-8CEC-4C34-B49F-D0102F4DB21C}.Debug|x86.Build.0 = Debug|Win32
		{CBD1CA46-8CEC-4C34-B49F-D0102F4DB21C}.Release|x64.ActiveCfg = Release|x64
		{CBD1CA46-8CEC-4C34-B49F-D0102F4DB21C}.Release|x64.Build.0 = Release|x64
		{CBD1CA46-8CEC-4C34-B49F-D0102F4DB21C}.Release|x86.ActiveCfg = Release|Win32
		{CBD1CA46-8CEC-4C34-B49F-D0102F4DB21C}.Release|x86.Build.0 = Release|Win32
		{1F07CDD1-6344-4293-B670-398C0080BF8E}.Debug|x64.ActiveCfg = Debug|x64
		{1F07CDD1-6344-4293-B670-398C0080BF8E}.Debug|x64.Build.0 = Debug|x64
		{1F07CDD1-6344-4293-B670-398C0080BF8E}.Debug|x86.ActiveCfg = Debug|Win32
		{1F07CDD1-6344-4293-B670-398C0080BF8E}.Debug|x86.Build.0 = Debug|Win32
		{1F07CDD1-6344-4293-B670-398C0080BF8E}.Release|x64.ActiveCfg = Release|x64
		{1F07CDD1-6344-4293-B670-398C0080BF8E}.Release|x64.Build.0 = Release|x64
		{1F07CDD1-6344-4293-B670-398C0080BF8E}.Release|x86.ActiveCfg = Release|Win32
		{1F07CDD1-6344-4293-B670-398C0080BF8E}.Release|x86.Build.0 = Release|Win32
		{4CE13BEA-4AE0-4734-8BB6-113D6FF95111}.Debug|x64.ActiveCfg = Debug|x64
		{4CE13BEA-4AE0-4734-8BB6-113D6FF95111}.Debug|x64.Build.0 = Debug|x64
		{4CE13BEA-4AE0-4734-8BB6-113D6FF95111}.Debug|x86.ActiveCfg = Debug|Win32
		{4CE13BEA-4AE0-4734-8BB6-113D6FF95111}.Debug|x86.Build.0 = Debug|Win32
		{4CE13BEA-4AE0-4734-8BB6-113D6FF95111}.Release|x64.ActiveCfg = Release|x64
		{4CE13BEA-4AE0-4734-8BB6-113D6FF95111}.Release|x64.Build.0 = Release|x64
		{4CE13BEA-4AE0-4734-8BB6-113D6FF95111}.Release|x86.ActiveCfg = Release|Win32
		{4CE13BEA-4AE0-4734-8BB6-113D6FF95111}.Release|x86.Build.0 = Release|Win32
		{95B83BAE-556B-4A4D-803A-FC30C40D2DA4}.Debug|x64.ActiveCfg = Debug|x64
		{95B83BAE-556B-4A4D-803A-FC30C40D2DA4}.Debug|x64.Build.0 = Debug|x64
		{95B83BAE-556B-4A4D-803A-FC30C40D2DA4}.Debug|x86.ActiveCfg = Debug|Win32
		{95B83BAE-556B-4A4D-803A-FC30C40D2DA4}.Debug|x86.Build.0 = Debug|Win32
		{95B83BAE-556B-4A4D-803A-FC30C40D2DA4}.Release|x64.ActiveCfg = Release|x64
		{95B83BAE-556B-4A4D-803A-FC30C40D2DA4}.Release|x64.Build.0 = Release|x64
		{95B83BAE-556B-4A4D-803A-FC30C40D2DA4}.Release|x86.ActiveCfg = Release|Win32
		{95B83BAE-556B-4A4D-803A-FC30C40D2DA4}.Release|x86.Build.0 = Release|Win32
		{7AFFD903-2472-4CBC-B9FB-4BC1DF785284}.Debug|x64.ActiveCfg = Debug|x64
		{7AFFD903-2472-4CBC-B9FB-4BC1DF785284}.Debug|x64.Build.0 = Debug|x64
		{7AFFD903-2472-4CBC-B9FB-4BC1DF785284}.Debug|x86.ActiveCfg = Debug|Win32
		{7AFFD903-2472-4CBC-B9FB-4BC1DF785284}.Debug|x86.Build.0 = Debug|Win32
		{7AFFD903-2472-4CBC-B9FB-4BC1DF785284}.Release|x64.ActiveCfg = Release|x64
		{7AFFD903-2472-4CBC-B9FB-4BC1DF785284}.Release|x64.Build.0 = Release|x64
		{7AFFD903-2472-4CBC-B9FB-4BC1DF785284}.Release|x86.ActiveCfg = Release|Win32
		{7AFFD903-2472-4CBC-B9FB-4BC1DF785284}.Release|x86.Build.0 = Release|Win32
		{CCB0AC3B-813C-43A5-996B-48D5EF6A1A6D}.Debug|x64.ActiveCfg = Debug|x64
		{CCB0AC3B-813C-43A5-996B-48D5EF6A1A6D}.Debug|x64.Build.0 = Debug|x64
		{CCB0AC3B-813C-43A5-996B-48D5EF6A1A6D}.Debug|x86.ActiveCfg = Debug|Win32
		{CCB0AC3B-813C-43A5-996B-48D5EF6A1A6D}.Debug|x86.Build.0 = Debug|Win32
		{CCB0AC3B-813C-43A5-996B-48D5EF6A1A6D}.Release|x64.ActiveCfg = Release|x64
		{CCB0AC3B-813C-43A5-996B-48D5EF6A1A6D}.Release|x64.Build.0 = Release|x64
		{CCB0AC3B-813C-43A5-996B-48D5EF6A1A6D}.Release|x86.ActiveCfg = Release|Win32
		{CCB0AC3B-813C-43A5-996B-48D5EF6A1A6D}.Release|x86.Build.0 = Release|Win32
		{EABCBCE9-C64D-42DB-AEF0-53855ACC1E3D}.Debug|x64.ActiveCfg = Debug|x64
		{EABCBCE9-C64D-42DB-AEF0-53855ACC1E3D}.Debug|x64.Build.0 = Debug|x64
		{EABCBCE9-C64D-42DB-AEF0-53855ACC1E3D}.Debug|x86.ActiveCfg = Debug|Win32
		{EABCBCE9-C64D-42DB-AEF0-53855ACC1E3D}.Debug|x86.Build.0 = Debug|Win32
		{EABCBCE9-C64D-42DB-AEF0-53855ACC1E3D}.Release|x64.ActiveCfg = Release|x64
		{EABCBCE9-C64D-42DB-AEF0-53855ACC1E3D}.Release|x64.Build.0 = Release|x64
		{EABCBCE9-C64D-42DB-AEF0-53855ACC1E3D}.Release|x86.ActiveCfg = Release|Win32
		{EABCBCE9-C64D-42DB-AEF0-53855ACC1E3D}.Release|x86.Build.0 = Release|Win32
		{37CE0401-6A4B-4392-89BD-F254936121E2}.Debug|x64.ActiveCfg = Debug|x64
		{37CE0401-6A4B-4392-89BD-F254936121E2}.Debug|x64.Build.0 = Debug|x64
		{37CE0401-6A4B-4392-89BD-F254936121E2}.Debug|x86.ActiveCfg = Debug|Win32
		{37CE0401-6A4B-4392-89BD-F254936121E2}.Debug|x86.Build.0 = Debug|Win32
		{37CE0401-6A4B-4392-89BD-F254936121E2}.Release|x64.ActiveCfg = Release|x64
		{37CE0401-6A4B-4392-89BD-F254936121E2}.Release|x64.Build.0 = Release|x64
		{37CE0401-6A4B-4392-89BD-F254936121E2}.Release|x86.ActiveCfg = Release|Win32
		{37CE0401-6A4B-4392-89BD-F254936121E2}.Release|x86.Build.0 = Release|Win32
		{70C617C9-BB5C-422C-8F53-FDF57D51D46C}.Debug|x64.ActiveCfg = Debug|x64
		{70C617C9-BB5C-422C-8F53-FDF57D51D46C}.Debug|x64.Build.0 = Debug|x64
		{70C617C9-BB5C-422C-8F53-FDF57D51D46C}.Debug|x86.ActiveCfg = Debug|Win32
		{70C617C9-BB5C-422C-8F53-FDF57D51D46C}.Debug|x86.Build.0 = Debug|Win32
		{70C617C9-BB5C-422C-8F53-FDF57D51D46C}.Release|x64.ActiveCfg = Release|x64
		{70C617C9-BB5C-422C-8F53-FDF57D51D46C}.Release|x64.Build.0 = Release|x64
		{70C617C9-BB5C-422C-8F53-FDF57D51D46C}.Release|x86.ActiveCfg = Release|Win32
		{70C617C9-BB5C-422C-8F53-FDF57D51D46C}.Release|x86.Build.0 = Release|Win32
		{16097592-2506-43A8-B359-D103EAA7A35A}.Debug|x64.ActiveCfg = Debug|x64
		{16097592-2506-43A8-B359-D103EAA7A35A}.Debug|x64.Build.0 = Debug|x64
		{16097592-2506-43A8-B359-D103EAA7A35A}.Debug|x86.ActiveCfg = Debug|Win32
		{16097592-2506-43A8-B359-D103EAA7A35A}.Debug|x86.Build.0 = Debug|Win32
		{16097592-2506-43A8-B359-D103EAA7A35A}.Release|x64.ActiveCfg = Release|x64
		{16097592-2506-43A8-B359-D103EAA7A35A}.Release|x64.Build.0 = Release|x64
		{16097592-2506-43A8-B359-D103EAA7A35A}.Release|x86.ActiveCfg = Release|Win32
		{16097592-2506-43A8-B359-D103EAA7A35A}.Release|x86.Build.0 = Release|Win32
		{9D7B1466-9094-4962-B775-227C84C53A89}.Debug|x64.ActiveCfg = Debug|x64
		{9D7B1466-9094-4962-B775-227C84C53A89}.Debug|x64.Build.0 = Debug|x64
		{9D7B1466-9094-4962-B775-227C84C53A89}.Debug|x86.ActiveCfg = Debug|Win32
		{9D7B1466-9094-4962-B775-227C84C53A89}.Debug|x86.Build.0 = Debug|Win32
		{9D7B1466-9094-4962-B775-227C84C53A89}.Release|x64.ActiveCfg = Release|x64
		{9D7B1466-9094-4962-B775-227C84C53A89}.Release|x64.Build.0 = Release|x64
		{9D7B1466-9094-4962-B775-227C84C53A89}.Release|x86.ActiveCfg = Release|Win32
		{9D7B1466-9094-4962-B775-227C84C53A89}.Release|x86.Build.0 = Release|Win32
		{D1D5AD51-0129-4D1F-B648-1031EEF78BE8}.Debug|x64.ActiveCfg = Debug|x64
		{D1D5AD51-0129-4D1F-B648-1031EEF78BE8}.Debug|x64.Build.0 = Debug|x64
		{D1D5AD51-0129-4D1F-B648-1031EEF78BE8}.Debug|x86.ActiveCfg = Debug|Win32
		{D1D5AD51-0129-4D1F-B648-1031EEF78BE8}.Debug|x86.Build.0 = Debug|Win32
		{D1D5AD51-0129-4D1F-B648-1031EEF78BE8}.Release|x64.ActiveCfg = Release|x64
		{D1D5AD51-0129-4D1F-B648-1031EEF78BE8}.Release|x64.Build.0 = Release|x64
		{D1D5AD51-0129-4D1F-B648-1031EEF78BE8}.Release|x86.ActiveCfg = Release|Win32
		{D1D5AD51-0129-4D1F-B648-1031EEF78BE8}.Release|x86.Build.0 = Release|Win32
		{EF39AB08-F535-4AD9-B132-61324E34A435}.Debug|x64.ActiveCfg = Debug|x64
		{EF39AB08-F535-4AD9-B132-61324E34A435}.Debug|x64.Build.0 = Debug|x64
		{EF39AB08-F535-4AD9-B132-61324E34A435}.Debug|x86.ActiveCfg = Debug|Win32
		{EF39AB08-F535-4AD9-B132-61324E34A435}.Debug|x86.Build.0 = Debug|Win32
		{EF39AB08-F535-4AD9-B132-61324E34A435}.Release|x64.ActiveCfg = Release|x64
		{EF39AB08-F535-4AD9-B132-61324E34A435}.Release|x64.Build.0 = Release|x64
		{EF39AB08-F535-4AD9-B132-61324E34A435}.Release|x86.ActiveCfg = Release|Win32
		{EF39AB08-F535-4AD9-B132-61324E34A435}.Release|x86.Build.0 = Release|Win32
		{F6D18532-9C14-4A33-BFE2-E00B49442A52}.Debug|x64.ActiveCfg = Debug|x64
		{F6D18532-9C14-4A33-BFE2-E00B49442A52}.Debug|x64.Build.0 = Debug|x64
		{F6D18532-9C14-4A33-BFE2-E00B49442A52}.Debug|x86.ActiveCfg = Debug|Win32
		{F6D18532-9C14-4A33-BFE2-E00B49442A52}.Debug|x86.Build.0 = Debug|Win32
		{F6D18532-9C14-4A33-BFE2-E00B49442A52}.Release|x64.ActiveCfg = Release|x64
		{F6D18532-9C14-4A33-BFE2-E00B49442A52}.Release|x64.Build.0 = Release|x64
		{F6D18532-9C14-4A33-BFE2-E00B49442A52}.Release|x86.ActiveCfg = Release|Win32
		{F6D18532-9C14-4A33-BFE2-E00B49442A52}.Release|x86.Build.0 = Release|Win32
		{5B43D188-01C7-410E-8083-AA3137743C96}.Debug|x64.ActiveCfg = Debug|x64
		{5B43D188-01C7-410E-8083-AA3137743C96}.Debug|x64.Build.0 = Debug|x64
		{5B43D188-01C7-410E-8083-AA3137743C96}.Debug|x86.ActiveCfg = Debug|Win32
		{5B43D188-01C7-410E-8083-AA3137743C96}.Debug|x86.Build.0 = Debug|Win32
		{5B43D188-01C7-410E-8083-AA3137743C96}.Release|x64.ActiveCfg = Release|x64
		{5B43D188-01C7-410E-8083-AA3137743C96}.Release|x64.Build.0 = Release|x64
		{5B43D188-01C7-410E-8083-AA3137743C96}.Release|x86.ActiveCfg = Release|Win32
		{5B43D188-01C7-410E-8083-AA3137743C96}.Release|x86.Build.0 = Release|Win32
		{AA0C3D4F-8940-486C-8B95-7FBAC34ED969}.Debug|x64.ActiveCfg = Debug|x64
		{AA0C3D4F-8940-486C-8B95-7FBAC34ED969}.Debug|x64.Build.0 = Debug|x64
		{AA0C3D4F-8940-486C-8B95-7FBAC34ED969}.Debug|x86.ActiveCfg = Debug|Win32
		{AA0C3D4F-8940-486C-8B95-7FBAC34ED969}.Debug|x86.Build.0 = Debug|Win32
		{AA0C3D4F-8940-486C-8B95-7FBAC34ED969}.Release|x64.ActiveCfg = Release|x64
		{AA0C3D4F-8940-486C-8B95-7FBAC34ED969}.Release|x64.Build.0 = Release|x64
		{AA0C3D4F-8940-486C-8B95-7FBAC34ED969}.Release|x86.ActiveCfg = Release|Win32
		{AA0C3D4F-8940-486C-8B95-7FBAC34ED969}.Release|x86.Build.0 = Release|Win32
		{25383FA8-5E7E-486E-B6F7-7782F8A4B44A}.Debug|x64.ActiveCfg = Debug|x64
		{25383FA8-5E7E-486E-B6F7-7782F8A4B44A}.Debug|x64.Build.0 = Debug|x64
		{25383FA8-5E7E-486E-B6F7-7782F8A4B44A}.Debug|x86.ActiveCfg = Debug|Win32
		{25383FA8-5E7E-486E-B6F7-7782F8A4B44A}.Debug|x86.Build.0 = Debug|Win32
		{25383FA8-5E7E-486E-B6F7-7782F8A4B44A}.Release|x64.ActiveCfg = Release|x64
		{25383FA8-5E7E-486E-B6F7-7782F8A4B44A}.Release|x64.Build.0 = Release|x64
		{25383FA8-5E7E-486E-B6F7-7782F8A4B44A}.Release|x86.ActiveCfg = Release|Win32
		{25383FA8-5E7E-486E-B6F7-7782F8A4B44A}.Release|x86.Build.0 = Release|Win32
		{C98CA321-879E-4592-AE5F-646F98815232}.Debug|x64.ActiveCfg = Debug|x64
		{C98CA321-879E-4592-AE5F-646F98815232}.Debug|x64.Build.0 = Debug|x64
		{C98CA321-879E-4592-AE5F-646F98815232}.Debug|x86.ActiveCfg = Debug|Win32
		{C98CA321-879E-4592-AE5F-646F98815232}.Debug|x86.Build.0 = Debug|Win32
		{C98CA321-879E-4592-AE5F-646F98815232}.Release|x64.ActiveCfg = Release|x64
		{C98CA321-879E-4592-AE5F-646F98815232}.Release|x64.Build.0 = Release|x64
		{C98CA321-879E-4592-AE5F-646F98815232}.Release|x86.ActiveCfg = Release|Win32
		{C98CA321-879E-4592-AE5F-646F98815232}.Release|x86.Build.0 = Release|Win32
		{CCDC7FA0-91A4-4CCE-81F7-87421A529298}.Debug|x64.ActiveCfg = Debug|x64
		{CCDC7FA0-91A4-4CCE-81F7-87421A529298}.Debug|x64.Build.0 = Debug|x64
		{CCDC7FA0-91A4-4CCE-81F7-87421A529298}.Debug|x86.ActiveCfg = Debug|Win32
		{CCDC7FA0-91A4-4CCE-81F7-87421A529298}.Debug|x86.Build.0 = Debug|Win32
		{CCDC7FA0-91A4-4CCE-81F7-87421A529298}.Release|x64.ActiveCfg = Release|x64
		{CCDC7FA0-91A4-4CCE-81F7-87421A529298}.Release|x64.Build.0 = Release|x64
		{CCDC7FA0-91A4-4CCE-81F7-87421A529298}.Release|x86.ActiveCfg = Release|Win32
		{CCDC7FA0-91A4-4CCE-81F7-87421A529298}.Release|x86.Build.0 = Release|Win32
		{9B049911-DD0C-4B0F-A94A-CA6688040490}.Debug|x64.ActiveCfg = Debug|x64
		{9B049911-DD0C-4B0F-A94A-CA6688040490}.Debug|x64.Build.0 = Debug|x64
		{9B049911-DD0C-4B0F-A94A-CA6688040490}.Debug|x86.ActiveCfg = Debug|Win32
		{9B049911-DD0C-4B0F-A94A-CA6688040490}.Debug|x86.Build.0 = Debug|Win32
		{9B049911-DD0C-4B0F-A94A-CA6688040490}.Release|x64.ActiveCfg = Release|x64
		{9B049911-DD0C-4B0F-A94A-CA6688040490}.Release|x64.Build.0 = Release|x64
		{9B049911-DD0C-4B0F-A94A-CA6688040490}.Release|x86.ActiveCfg = Release|Win32
		{9B049911-DD0C-4B0F-A94A-CA6688040490}.Release|x86.Build.0 = Release|Win32
		{9957D142-3774-4CB0-A5D8-6D7DC392C392}.Debug|x64.ActiveCfg = Debug|x64
		{9957D142-3774-4CB0-A5D8-6D7DC392C392}.Debug|x64.Build.0 = Debug|x64
		{9957D142-3774-4CB0-A5D8-6D7DC392C392}.Debug|x86.ActiveCfg = Debug|Win32
		{9957D142-3774-4CB0-A5D8-6D7DC392C392}.Debug|x86.Build.0 = Debug|Win32
		{9957D142-3774-4CB0-A5D8-6D7DC392C392}.Release|x64.ActiveCfg = Release|x64
		{9957D142-3774-4CB0-A5D8-6D7DC392C392}.Release|x64.Build.0 = Release|x64
		{9957D142-3774-4CB0-A5D8-6D7DC392C392}.Release|x86.ActiveCfg = Release|Win32
		{9957D142-3774-4CB0-A5D8-6D7DC392C392}.Release|x86.Build.0 = Release|Win32
		{E48BB144-E4E6-4DA2-8803-CFEAD79EE9DC}.Debug|x64.ActiveCfg = Debug|x64
		{E48BB144-E4E6-4DA2-8803-CFEAD79EE9DC}.Debug|x64.Build.0 = Debug|x64
		{E48BB144-E4E6-4DA2-8803-CFEAD79EE9DC}.Debug|x86.ActiveCfg = Debug|Win32
		{E48BB144-E4E6-4DA2-8803-CFEAD79EE9DC}.Debug|x86.Build.0 = Debug|Win32
		{E48BB144-E4E6-4DA2-8803-CFEAD79EE9DC}.Release|x64.ActiveCfg = Release|x64
		{E48BB144-E4E6-4DA2-8803-CFEAD79EE9DC}.Release|x64.Build.0 = Release|x64
		{E48BB144-E4E6-4DA2-8803-CFEAD79EE9DC}.Release|x86.ActiveCfg = Release|Win32
		{E48BB144-E4E6-4DA2-8803-CFEAD79EE9DC}.Release|x86.Build.0 = Release|Win32
		{0F7E36E1-230F-437B-931B-4EC17B4505E5}.Debug|x64.ActiveCfg = Debug|x64
		{0F7E36E1-230F-437B-931B-4EC17B4505E5}.Debug|x64.Build.0 = Debug|x64
		{0F7E36E1-230F-437B-931B-4EC17B4505E5}.Debug|x86.ActiveCfg = Debug|Win32
		{0F7E36E1-230F-437B-931B-4EC17B4505E5}.Debug|x86.Build.0 = Debug|Win32
		{0F7E36E1-230F-437B-931B-4EC17B4505E5}.Release|x64.ActiveCfg = Release|x64
		{0F7E36E1-230F-437B-931B-4EC17B4505E5}.Release|x64.Build.0 = Release|x64
		{0F7E36E1-230F-437B-931B-4EC17B4505E5}.Release|x86.ActiveCfg = Release|Win32
		{0F7E36E1-230F-437B-931B-4EC17B4505E5}.Release|x86.Build.0 = Release|Win32
		{764D4CDF-A6A7-451D-863D-2B8178AB7053}.Debug|x64.ActiveCfg = Debug|x64
		{764D4CDF-A6A7-451D-863D-2B8178AB7053}.Debug|x64.Build.0 = Debug|x64
		{764D4CDF-A6A7-451D-863D-2B8178AB7053}.Debug|x86.ActiveCfg = Debug|Win32
		{764D4CDF-A6A7-451D-863D-2B8178AB7053}.Debug|x86.Build.0 = Debug|Win32
		{764D4CDF-A6A7-451D-863D-2B8178AB7053}.Release|x64.ActiveCfg = Release|x64
		{764D4CDF-A6A7-451D-863D-2B8178AB7053}.Release|x64.Build.0 = Release|x64
		{764D4CDF-A6A7-451D-863D-2B8178AB7053}.Release|x86.ActiveCfg = Release|Win32
		{764D4CDF-A6A7-451D-863D-2B8178AB7053}.Release|x86.Build.0 = Release|Win32
		{9F6A660F-ACD2-4CB9-8F6A-A1E3BC5A4C70}.Debug|x64.ActiveCfg = Debug|x64
		{9F6A660F-ACD2-4CB9-8F6A-A1E3BC5A4C70}.Debug|x64.Build.0 = Debug|x64
		{9F6A660F-ACD2-4CB9-8F6A-A1E3BC5A4C70}.Debug|x86.ActiveCfg = Debug|Win32
		{9F6A660F-ACD2-4CB9-8F6A-A1E3BC5A4C70}.Debug|x86.Build.0 = Debug|Win32
		{9F6A660F-ACD2-4CB9-8F6A-A1E3BC5A4C70}.Release|x64.ActiveCfg = Release|x64
		{9F6A660F-ACD2-4CB9-8F6A-A1E3BC5A4C70}.Release|x64.Build.0 = Release|x64
		{9F6A660F-ACD2-4CB9-8F6A-A1E3BC5A4C70}.Release|x86.ActiveCfg = Release|Win32
		{9F6A660F-ACD2-4CB9-8F6A-A1E3BC5A4C70}.Release|x86.Build.0 = Release|Win32
		{22386F48-DF81-4ABA-A0E1-C2D0D83CEE86}.Debug|x64.ActiveCfg = Debug|x64
		{22386F48-DF81-4ABA-A0E1-C2D0D83CEE86}.Debug|x64.Build.0 = Debug|x64
		{22386F48-DF81-4ABA-A0E1-C2D0D83CEE86}.Debug|x86.ActiveCfg = Debug|Win32
		{22386F48-DF81-4ABA-A0E1-C2D0D83CEE86}.Debug|x86.Build.0 = Debug|Win32
		{22386F48-DF81-4ABA-A0E1-C2D0D83CEE86}.Release|x64.ActiveCfg = Release|x64
		{22386F48-DF81-4ABA-A0E1-C2D0D83CEE86}.Release|x64.Build.0 = Release|x64
		{22386F48-DF81-4ABA-A0E1-C2D0D83CEE86}.Release|x86.ActiveCfg = Release|Win32
		{22386F48-DF81-4ABA-A0E1-C2D0D83CEE86}.Release|x86.Build.0 = Release|Win32
		{E0B52AE7-E160-4D32-BF3F-910B785E5A8E}.Debug|x64.ActiveCfg = Debug|x64
		{E0B52AE7-E160-4D32-BF3F-910B785E5A8E}.Debug|x64.Build.0 = Debug|x64
		{E0B52AE7-E160-4D32-BF3F-910B785E5A8E}.Debug|x86.ActiveCfg = Debug|Win32
		{E0B52AE7-E160-4D32-BF3F-910B785E5A8E}.Debug|x86.Build.0 = Debug|Win32
		{E0B52AE7-E160-4D32-BF3F-910B785E5A8E}.Release|x64.ActiveCfg = Release|x64
		{E0B52AE7-E160-4D32-BF3F-910B785E5A8E}.Release|x64.Build.0 = Release|x64
		{E0B52AE7-E160-4D32-BF3F-910B785E5A8E}.Release|x86.ActiveCfg = Release|Win32
		{E0B52AE7-E160-4D32-BF3F-910B785E5A8E}.Release|x86.Build.0 = Release|Win32
		{7AEA274B-8E62-4A95-84BD-E77E670FE581}.Debug|x64.ActiveCfg = Debug|x64
		{7AEA274B-8E62-4A95-84BD-E77E670FE581}.Debug|x64.Build.0 = Debug|x64
		{7AEA274B-8E62-4A95-84BD-E77E670FE581}.Debug|x86.ActiveCfg = Debug|Win32
		{7AEA274B-8E62-4A95-84BD-E77E670FE581}.Debug|x86.Build.0 = Debug|Win32
		{7AEA274B-8E62-4A95-84BD-E77E670FE581}.Release|x64.ActiveCfg = Release|x64
		{7AEA274B-8E62-4A95-84BD-E77E670FE581}.Release|x64.Build.0 = Release|x64
		{7AEA274B-8E62-4A95-84BD-E77E670FE581}.Release|x86.ActiveCfg = Release|Win32
		{7AEA274B-8E62-4A95-84BD-E77E670FE581}.Release|x86.Build.0 = Release|Win32
		{DFD8B8B7-0E4A-4600-9DA6-4CC6E65D7B93}.Debug|x64.ActiveCfg = Debug|x64
		{DFD8B8B7-0E4A-4600-9DA6-4CC6E65D7B93}.Debug|x64.Build.0 = Debug|x64
		{DFD8B8B7-0E4A-4600-9DA6-4CC6E65D7B93}.Debug|x86.ActiveCfg = Debug|Win32
		{DFD8B8B7-0E4A-4600-9DA6-4CC6E65D7B93}.Debug|x86.Build.0 = Debug|Win32
		{DFD8B8B7-0E4A-4600-9DA6-4CC6E65D7B93}.Release|x64.ActiveCfg = Release|x64
		{DFD8B8B7-0E4A-4600-9DA6-4CC6E65D7B93}.Release|x64.Build.0 = Release|x64
		{DFD8B8B7-0E4A-4600-9DA6-4CC6E65D7B93}.Release|x86.ActiveCfg = Release|Win32
		{DFD8B8B7-0E4A-4600-9DA6-4CC6E65D7B93}.Release|x86.Build.0 = Release|Win32
		{64F9B16A-F1BA-4C07-9BBE-67DF4701476B}.Debug|x64.ActiveCfg = Debug|x64
		{64F9B16A-F1BA-4C07-9BBE-67DF4701476B}.Debug|x64.Build.0 = Debug|x64
		{64F9B16A-F1BA-4C07-9BBE-67DF4701476B}.Debug|x86.ActiveCfg = Debug|Win32
		{64F9B16A-F1BA-4C07-9BBE-67DF4701476B}.Debug|x86.Build.0 = Debug|Win32
		{64F9B16A-F1BA-4C07-9BBE-67DF4701476B}.Release|x64.ActiveCfg = Release|x64
		{64F9B16A-F1BA-4C07-9BBE-67DF4701476B}.Release|x64.Build.0 = Release|x64
		{64F9B16A-F1BA-4C07-9BBE-67DF4701476B}.Release|x86.ActiveCfg = Release|Win32
		{64F9B16A-F1BA-4C07-9BBE-67DF4701476B}.Release|x86.Build.0 = Release|Win32
		{947C4524-E1EE-48EF-A8F1-8177985B066D}.Debug|x64.ActiveCfg = Debug|x64
		{947C4524-E1EE-48EF-A8F1-8177985B066D}.Debug|x64.Build.0 = Debug|x64
		{947C4524-E1EE-48EF-A8F1-8177985B066D}.Debug|x86.ActiveCfg = Debug|Win32
		{947C4524-E1EE-48EF-A8F1-8177985B066D}.Debug|x86.Build.0 = Debug|Win32
		{947C4524-E1EE-48EF-A8F1-8177985B066D}.Release|x64.ActiveCfg = Release|x64
		{947C4524-E1EE-48EF-A8F1-8177985B066D}.Release|x64.Build.0 = Release|x64
		{947C4524-E1EE-48EF-A8F1-8177985B066D}.Release|x86.ActiveCfg = Release|Win32
		{947C4524-E1EE-48EF-A8F1-8177985B066D}.Release|x86.Build.0 = Release|Win32
		{465EF67B-6F14-4612-BCF0-C559120E94EA}.Debug|x64.ActiveCfg = Debug|x64
		{465EF67B-6F14-4612-BCF0-C559120E94EA}.Debug|x64.Build.0 = Debug|x64
		{465EF67B-6F14-4612-BCF0-C559120E94EA}.Debug|x86.ActiveCfg = Debug|Win32
		{465EF67B-6F14-4612-BCF0-C559120E94EA}.Debug|x86.Build.0 = Debug|Win32
		{465EF67B-6F14-4612-BCF0-C559120E94EA}.Release|x64.ActiveCfg = Release|x64
		{465EF67B-6F14-4612-BCF0-C559120E94EA}.Release|x64.Build.0 = Release|x64
		{465EF67B-6F14-4612-BCF0-C559120E94EA}.Release|x86.ActiveCfg = Release|Win32
		{465EF67B-6F14-4612-BCF0-C559120E94EA}.Release|x86.Build.0 = Release|Win32
		{8E9131A5-9239-4A62-BBE0-4DE5AEBF57B0}.Debug|x64.ActiveCfg = Debug|x64
		{8E9131A5-9239-4A62-BBE0-4DE5AEBF57B0}.Debug|x64.Build.0 = Debug|x64
		{8E9131A5-9239-4A62-BBE0-4DE5AEBF57B0}.Debug|x86.ActiveCfg = Debug|Win32
		{8E9131A5-9239-4A62-BBE0-4DE5AEBF57B0}.Debug|x86.Build.0 = Debug|Win32
		{8E9131A5-9239-4A62-BBE0-4DE5AEBF57B0}.Release|x64.ActiveCfg = Release|x64
		{8E9131A5-9239-4A62-BBE0-4DE5AEBF57B0}.Release|x64.Build.0 = Release|x64
		{8E9131A5-9239-4A62-BBE0-4DE5AEBF57B0}.Release|x86.ActiveCfg = Release|Win32
		{8E9131A5-9239-4A62-BBE0-4DE5AEBF57B0}.Release|x86.Build.0 = Release|Win32
		{080A7B0B-D746-4F40-9EAF-A10E49FF090A}.Debug|x64.ActiveCfg = Debug|x64
		{080A7B0B-D746-4F40-9EAF-A10E49FF090A}.Debug|x64.Build.0 = Debug|x64
		{080A7B0B-D746-4F40-9EAF-A10E49FF090A}.Debug|x86.ActiveCfg = Debug|Win32
		{080A7B0B-D746-4F40-9EAF-A10E49FF090A}.Debug|x86.Build.0 = Debug|Win32
		{080A7B0B-D746-4F40-9EAF-A10E49FF090A}.Release|x64.ActiveCfg = Release|x64
		{080A7B0B-D746-4F40-9EAF-A10E49FF090A}.Release|x64.Build.0 = Release|x64
		{080A7B0B-D746-4F40-9EAF-A10E49FF090A}.Release|x86.ActiveCfg = Release|Win32
		{080A7B0B-D746-4F40-9EAF-A10E49FF090A}.Release|x86.Build.0 = Release|Win32
		{066440D0-CAF9-421D-B504-B5B6164A20BA}.Debug|x64.ActiveCfg = Debug|x64
		{066440D0-CAF9-421D-B504-B5B6164A20BA}.Debug|x64.Build.0 = Debug|x64
		{066440D0-CAF9-421D-B504-B5B6164A20BA}.Debug|x86.ActiveCfg = Debug|Win32
		{066440D0-CAF9-421D-B504-B5B6164A20BA}.Debug|x86.Build.0 = Debug|Win32
		{066440D0-CAF9-421D-B504-B5B6164A20BA}.Release|x64.ActiveCfg = Release|x64
		{066440D0-CAF9-421D-B504-B5B6164A20BA}.Release|x64.Build.0 = Release|x64
		{066440D0-CAF9-421D-B504-B5B6164A20BA}.Release|x86.ActiveCfg = Release|Win32
		{066440D0-CAF9-421D-B504-B5B6164A20BA}.Release|x86.Build.0 = Release|Win32
		{55F68EE5-C618-464F-9855-44CD44F2EF76}.Debug|x64.ActiveCfg = Debug|x64
		{55F68EE5-C618-464F-9855-44CD44F2EF76}.Debug|x64.Build.0 = Debug|x64
		{55F68EE5-C618-464F-9855-44CD44F2EF76}.Debug|x86.ActiveCfg = Debug|Win32
		{55F68EE5-C618-464F-9855-44CD44F2EF76}.Debug|x86.Build.0 = Debug|Win32
		{55F68EE5-C618-464F-9855-44CD44F2EF76}.Release|x64.ActiveCfg = Release|x64
		{55F68EE5-C618-464F-9855-44CD44F2EF76}.Release|x64.Build.0 = Release|x64
		{55F68EE5-C618-464F-9855-44CD44F2EF76}.Release|x86.ActiveCfg = Release|Win32
		{55F68EE5-C618-464F-9855-44CD44F2EF76}.Release|x86.Build.0 = Release|Win32
		{8EE67F4B-1F5B-43FC-B0A8-4A752C5CA523}.Debug|x64.ActiveCfg = Debug|x64
		{8EE67F4B-1F5B-43FC-B0A8-4A752C5CA523}.Debug|x64.Build.0 = Debug|x64
		{8EE67F4B-1F5B-43FC-B0A8-4A752C5CA523}.Debug|x86.ActiveCfg = Debug|Win32
		{8EE67F4B-1F5B-43FC-B0A8-4A752C5CA523}.Debug|x86.Build.0 = Debug|Win32
		{8EE67F4B-1F5B-43FC-B0A8-4A752C5CA523}.Release|x64.ActiveCfg = Release|x64
		{8EE67F4B-1F5B-43FC-B0A8-4A752C5CA523}.Release|x64.Build.0 = Release|x64
		{8EE67F4B-1F5B-43FC-B0A8-4A752C5CA523}.Release|x86.ActiveCfg = Release|Win32
		{8EE67F4B-1F5B-43FC-B0A8-4A752C5CA523}.Release|x86.Build.0 = Release|Win32
		{2BB5FC6B-B1F5-4F36-A41A-66BA02545943}.Debug|x64.ActiveCfg = Debug|x64
		{2BB5FC6B-B1F5-4F36-A41A-66BA02545943}.Debug|x64.Build.0 = Debug|x64
		{2BB5FC6B-B1F5-4F36-A41A-66BA02545943}.Debug|x86.ActiveCfg = Debug|Win32
		{2BB5FC6B-B1F5-4F36-A41A-66BA02545943}.Debug|x86.Build.0 = Debug|Win32
		{2BB5FC6B-B1F5-4F36-A41A-66BA02545943}.Release|x64.ActiveCfg = Release|x64
		{2BB5FC6B-B1F5-4F36-A41A-66BA02545943}.Release|x64.Build.0 = Release|x64
		{2BB5FC6B-B1F5-4F36-A41A-66BA02545943}.Release|x86.ActiveCfg = Release|Win32
		{2BB5FC6B-B1F5-4F36-A41A-66BA02545943}.Release|x86.Build.0 = Release|Win32
		{368336D0-EB86-4897-AB30-1B7956470877}.Debug|x64.ActiveCfg = Debug|x64
		{368336D0-EB86-4897-AB30-1B7956470877}.Debug|x64.Build.0 = Debug|x64
		{368336D0-EB86-4897-AB30-1B7956470877}.Debug|x86.ActiveCfg = Debug|Win32
		{368336D0-EB86-4897-AB30-1B7956470877}.Debug|x86.Build.0 = Debug|Win32
		{368336D0-EB86-4897-AB30-1B7956470877}.Release|x64.ActiveCfg = Release|x64
		{368336D0-EB86-4897-AB30-1B7956470877}.Release|x64.Build.0 = Release|x64
		{368336D0-EB86-4897-AB30-1B7956470877}.Release|x86.ActiveCfg = Release|Win32
		{368336D0-EB86-4897-AB30-1B7956470877}.Release|x86.Build.0 = Release|Win32
		{2BA0987D-7325-4887-B45C-BAE790421725}.Debug|x64.ActiveCfg = Debug|x64
		{2BA0987D-7325-4887-B45C-BAE790421725}.Debug|x64.Build.0 = Debug|x64
		{2BA0987D-7325-4887-B45C-BAE790421725}.Debug|x86.ActiveCfg = Debug|Win32
		{2BA0987D-7325-4887-B45C-BAE790421725}.Debug|x86.Build.0 = Debug|Win32
		{2BA0987D-7325-4887-B45C-BAE790421725}.Release|x64.ActiveCfg = Release|x64
		{2BA0987D-7325-4887-B45C-BAE790421725}.Release|x64.Build.0 = Release|x64
		{2BA0987D-7325-4887-B45C-BAE790421725}.Release|x86.ActiveCfg = Release|Win32
		{2BA0987D-7325-4887-B45C-BAE790421725}.Release|x86.Build.0 = Release|Win32
		{6C923E63-02DF-4D18-885F-67D36B3A687F}.Debug|x64.ActiveCfg = Debug|x64
		{6C923E63-02DF-4D18-885F-67D36B3A687F}.Debug|x64.Build.0 = Debug|x64
		{6C923E63-02DF-4D18-885F-67D36B3A687F}.Debug|x86.ActiveCfg = Debug|Win32
		{6C923E63-02DF-4D18-885F-67D36B3A687F}.Debug|x86.Build.0 = Debug|Win32
		{6C923E63-02DF-4D18-885F-67D36B3A687F}.Release|x64.ActiveCfg = Release|x64
		{6C923E63-02DF-4D18-885F-67D36B3A687F}.Release|x64.Build.0 = Release|x64
		{6C923E63-02DF-4D18-885F-67D36B3A687F}.Release|x86.ActiveCfg = Release|Win32
		{6C923E63-02DF-4D18-885F-67D36B3A687F}.Release|x86.Build.0 = Release|Win32
		{6DB36076-492C-49B1-A71C-B83961A0BB73}.Debug|x64.ActiveCfg = Debug|x64
		{6DB36076-492C-49B1-A71C-B83961A0BB73}.Debug|x64.Build.0 = Debug|x64
		{6DB36076-492C-49B1-A71C-B83961A0BB73}.Debug|x86.ActiveCfg = Debug|Win32
		{6DB36076-492C-49B1-A71C-B83961A0BB73}.Debug|x86.Build.0 = Debug|Win32
		{6DB36076-492C-49B1-A71C-B83961A0BB73}.Release|x64.ActiveCfg = Release|x64
		{6DB36076-492C-49B1-A71C-B83961A0BB73}.Release|x64.Build.0 = Release|x64
		{6DB36076-492C-49B1-A71C-B83961A0BB73}.Release|x86.ActiveCfg = Release|Win32
		{6DB36076-492C-49B1-A71C-B83961A0BB73}.Release|x86.Build.0 = Release|Win32
		{3A377740-FD01-493D-8D27-82DFC66C260C}.Debug|x64.ActiveCfg = Debug|x64
		{3A377740-FD01-493D-8D27-82DFC66C260C}.Debug|x64.Build.0 = Debug|x64
		{3A377740-FD01-493D-8D27-82DFC66C260C}.Debug|x86.ActiveCfg = Debug|Win32
		{3A377740-FD01-493D-8D27-82DFC66C260C}.Debug|x86.Build.0 = Debug|Win32
		{3A377740-FD01-493D-8D27-82DFC66C260C}.Release|x64.ActiveCfg = Release|x64
		{3A377740-FD01-493D-8D27-82DFC66C260C}.Release|x64.Build.0 = Release|x64
		{3A377740-FD01-493D-8D27-82DFC66C260C}.Release|x86.ActiveCfg = Release|Win32
		{3A377740-FD01-493D-8D27-82DFC66C260C}.Release|x86.Build.0 = Release|Win32
		{4BF7703C-AE4A-4DE7-8C5B-0D27516C055E}.Debug|x64.ActiveCfg = Debug|x64
		{4BF7703C-AE4A-4DE7-8C5B-0D27516C055E}.Debug|x64.Build.0 = Debug|x64
		{4BF7703C-AE4A-4DE7-8C5B-0D27516C055E}.Debug|x86.ActiveCfg = Debug|Win32
		{4BF7703C-AE4A-4DE7-8C5B-0D27516C055E}.Debug|x86.Build.0 = Debug|Win32
		{4BF7703C-AE4A-4DE7-8C5B-0D27516C055E}.Release|x64.ActiveCfg = Release|x64
		{4BF7703C-AE4A-4DE7-8C5B-0D27516C055E}.Release|x64.Build.0 = Release|x64
		{4BF7703C-AE4A-4DE7-8C5B-0D27516C055E}.Release|x86.ActiveCfg = Release|Win32
		{4BF7703C-AE4A-4DE7-8C5B-0D27516C055E}.Release|x86.Build.0 = Release|Win32
		{AC36A22E-0C05-4654-A5B2-43439DACFB29}.Debug|x64.ActiveCfg = Debug|x64
		{AC36A22E-0C05-4654-A5B2-43439DACFB29}.Debug|x64.Build.0 = Debug|x64
		{AC36A22E-0C05-4654-A5B2-43439DACFB29}.Debug|x86.ActiveCfg = Debug|Win32
		{AC36A22E-0C05-4654-A5B2-43439DACFB29}.Debug|x86.Build.0 = Debug|Win32
		{AC36A22E-0C05-4654-A5B2-43439DACFB29}.Release|x64.ActiveCfg = Release|x64
		{AC36A22E-0C05-4654-A5B2-43439DACFB29}.Release|x64.Build.0 = Release|x64
		{AC36A22E-0C05-4654-A5B2-43439DACFB29}.Release|x86.ActiveCfg = Release|Win32
		{AC36A22E-0C05-4654-A5B2-43439DACFB29}.Release|x86.Build.0 = Release|Win32
	EndGlobalSection
	GlobalSection(SolutionProperties) = preSolution
		HideSolutionNode = FALSE
	EndGlobalSection
	GlobalSection(NestedProjects) = preSolution
		{E4E4F084-FFB3-4ADE-AA67-5730BB6C320C} = {D852C089-91D7-480D-949D-E6FBE8FC0565}
		{2A094CF3-5229-4BCB-A3A9-4FAD8B06D5E1} = {9CBB4F7D-14F6-41D1-9AF3-5B22D6749AED}
		{71D38969-B75A-485C-8634-57BDB0E570EA} = {9CBB4F7D-14F6-41D1-9AF3-5B22D6749AED}
		{FDF99C2F-3F75-45E1-AA06-25C7C16F43B8} = {9CBB4F7D-14F6-41D1-9AF3-5B22D6749AED}
		{7268257A-41FB-48FE-8FAA-069DD5C9A56D} = {D852C089-91D7-480D-949D-E6FBE8FC0565}
		{D8D3769F-341E-45D7-9900-CCB036F913F2} = {D852C089-91D7-480D-949D-E6FBE8FC0565}
		{7A18C380-C391-4FD6-BCFF-9D9473D1AF8C} = {D852C089-91D7-480D-949D-E6FBE8FC0565}
		{502C478B-D888-4D8D-89AC-9C0D6CC54241} = {09634295-0418-40E4-BDBF-58F1AAB4D057}
		{5EF9996E-5529-4EA1-AE05-ED3DB2674EF1} = {09634295-0418-40E4-BDBF-58F1AAB4D057}
		{F971E6F1-B3D3-4F21-B70F-9A3D5EF834CC} = {09634295-0418-40E4-BDBF-58F1AAB4D057}
		{AB6E3E67-7191-485F-B066-F6FDA2A160B3} = {09634295-0418-40E4-BDBF-58F1AAB4D057}
		{77D6BFB5-0518-499F-90FA-B171F70E4AFE} = {CE179A8C-6B69-4ECD-8DE2-78E02DBABB2F}
		{78B96389-7CD6-4512-907A-42E35FE9CD4C} = {09634295-0418-40E4-BDBF-58F1AAB4D057}
		{463221F6-C19F-4C70-AB41-07489062772C} = {09634295-0418-40E4-BDBF-58F1AAB4D057}
		{D49F0142-99B8-459F-A0E8-92E08B7A3221} = {09634295-0418-40E4-BDBF-58F1AAB4D057}
		{CBD1CA46-8CEC-4C34-B49F-D0102F4DB21C} = {09634295-0418-40E4-BDBF-58F1AAB4D057}
		{1F07CDD1-6344-4293-B670-398C0080BF8E} = {09634295-0418-40E4-BDBF-58F1AAB4D057}
		{4CE13BEA-4AE0-4734-8BB6-113D6FF95111} = {09634295-0418-40E4-BDBF-58F1AAB4D057}
		{95B83BAE-556B-4A4D-803A-FC30C40D2DA4} = {ED954FFA-D555-41CB-8B22-1B74F6332A7D}
		{7AFFD903-2472-4CBC-B9FB-4BC1DF785284} = {ED954FFA-D555-41CB-8B22-1B74F6332A7D}
		{CCB0AC3B-813C-43A5-996B-48D5EF6A1A6D} = {09634295-0418-40E4-BDBF-58F1AAB4D057}
		{EABCBCE9-C64D-42DB-AEF0-53855ACC1E3D} = {ED954FFA-D555-41CB-8B22-1B74F6332A7D}
		{37CE0401-6A4B-4392-89BD-F254936121E2} = {6FD5D6D6-D4F8-4C51-A7F1-26F140E202A8}
		{70C617C9-BB5C-422C-8F53-FDF57D51D46C} = {6FD5D6D6-D4F8-4C51-A7F1-26F140E202A8}
		{16097592-2506-43A8-B359-D103EAA7A35A} = {6FD5D6D6-D4F8-4C51-A7F1-26F140E202A8}
		{9D7B1466-9094-4962-B775-227C84C53A89} = {6FD5D6D6-D4F8-4C51-A7F1-26F140E202A8}
		{D1D5AD51-0129-4D1F-B648-1031EEF78BE8} = {6FD5D6D6-D4F8-4C51-A7F1-26F140E202A8}
		{EF39AB08-F535-4AD9-B132-61324E34A435} = {6FD5D6D6-D4F8-4C51-A7F1-26F140E202A8}
		{F6D18532-9C14-4A33-BFE2-E00B49442A52} = {ED954FFA-D555-41CB-8B22-1B74F6332A7D}
		{5B43D188-01C7-410E-8083-AA3137743C96} = {CE179A8C-6B69-4ECD-8DE2-78E02DBABB2F}
		{AA0C3D4F-8940-486C-8B95-7FBAC34ED969} = {CE179A8C-6B69-4ECD-8DE2-78E02DBABB2F}
		{DFBBC778-86F7-4026-9A24-45C8B4F04845} = {ED954FFA-D555-41CB-8B22-1B74F6332A7D}
		{25383FA8-5E7E-486E-B6F7-7782F8A4B44A} = {DFBBC778-86F7-4026-9A24-45C8B4F04845}
		{C98CA321-879E-4592-AE5F-646F98815232} = {DFBBC778-86F7-4026-9A24-45C8B4F04845}
		{CCDC7FA0-91A4-4CCE-81F7-87421A529298} = {2FA9BF3B-8ACF-4646-B4D9-6562673A6DD6}
		{9B049911-DD0C-4B0F-A94A-CA6688040490} = {2FA9BF3B-8ACF-4646-B4D9-6562673A6DD6}
		{CE179A8C-6B69-4ECD-8DE2-78E02DBABB2F} = {ED954FFA-D555-41CB-8B22-1B74F6332A7D}
		{9957D142-3774-4CB0-A5D8-6D7DC392C392} = {982E6880-85FB-4497-82AF-63BF8D395479}
		{E48BB144-E4E6-4DA2-8803-CFEAD79EE9DC} = {982E6880-85FB-4497-82AF-63BF8D395479}
		{0F7E36E1-230F-437B-931B-4EC17B4505E5} = {982E6880-85FB-4497-82AF-63BF8D395479}
		{764D4CDF-A6A7-451D-863D-2B8178AB7053} = {982E6880-85FB-4497-82AF-63BF8D395479}
		{9F6A660F-ACD2-4CB9-8F6A-A1E3BC5A4C70} = {982E6880-85FB-4497-82AF-63BF8D395479}
		{22386F48-DF81-4ABA-A0E1-C2D0D83CEE86} = {982E6880-85FB-4497-82AF-63BF8D395479}
		{7AEA274B-8E62-4A95-84BD-E77E670FE581} = {982E6880-85FB-4497-82AF-63BF8D395479}
		{DFD8B8B7-0E4A-4600-9DA6-4CC6E65D7B93} = {982E6880-85FB-4497-82AF-63BF8D395479}
		{64F9B16A-F1BA-4C07-9BBE-67DF4701476B} = {982E6880-85FB-4497-82AF-63BF8D395479}
		{947C4524-E1EE-48EF-A8F1-8177985B066D} = {982E6880-85FB-4497-82AF-63BF8D395479}
		{465EF67B-6F14-4612-BCF0-C559120E94EA} = {982E6880-85FB-4497-82AF-63BF8D395479}
		{8E9131A5-9239-4A62-BBE0-4DE5AEBF57B0} = {982E6880-85FB-4497-82AF-63BF8D395479}
		{080A7B0B-D746-4F40-9EAF-A10E49FF090A} = {CEC057DC-3A69-4883-8938-2E94240D9EE1}
		{CEC057DC-3A69-4883-8938-2E94240D9EE1} = {982E6880-85FB-4497-82AF-63BF8D395479}
		{066440D0-CAF9-421D-B504-B5B6164A20BA} = {CEC057DC-3A69-4883-8938-2E94240D9EE1}
		{55F68EE5-C618-464F-9855-44CD44F2EF76} = {982E6880-85FB-4497-82AF-63BF8D395479}
		{F292198A-6AF9-4F35-893A-0C4819B24D9E} = {982E6880-85FB-4497-82AF-63BF8D395479}
		{8EE67F4B-1F5B-43FC-B0A8-4A752C5CA523} = {F292198A-6AF9-4F35-893A-0C4819B24D9E}
		{2BB5FC6B-B1F5-4F36-A41A-66BA02545943} = {F292198A-6AF9-4F35-893A-0C4819B24D9E}
		{368336D0-EB86-4897-AB30-1B7956470877} = {F292198A-6AF9-4F35-893A-0C4819B24D9E}
		{2BA0987D-7325-4887-B45C-BAE790421725} = {F292198A-6AF9-4F35-893A-0C4819B24D9E}
		{6C923E63-02DF-4D18-885F-67D36B3A687F} = {982E6880-85FB-4497-82AF-63BF8D395479}
		{6DB36076-492C-49B1-A71C-B83961A0BB73} = {982E6880-85FB-4497-82AF-63BF8D395479}
		{3A377740-FD01-493D-8D27-82DFC66C260C} = {EC32233A-5ADE-49ED-81B2-AD3661054C5F}
		{4BF7703C-AE4A-4DE7-8C5B-0D27516C055E} = {EC32233A-5ADE-49ED-81B2-AD3661054C5F}
		{AC36A22E-0C05-4654-A5B2-43439DACFB29} = {EC32233A-5ADE-49ED-81B2-AD3661054C5F}
	EndGlobalSection
	GlobalSection(ExtensibilityGlobals) = postSolution
		SolutionGuid = {1AD7A507-7C58-4956-9D12-56587EDA22DE}
	EndGlobalSection
EndGlobal
